// !$*UTF8*$!
{
	archiveVersion = 1;
	classes = {
	};
	objectVersion = 46;
	objects = {

/* Begin PBXBuildFile section */
		822C1ED31DBE375600A8A761 /* VarietyDetailsGeneralInfoCollectionViewCell.swift in Sources */ = {isa = PBXBuildFile; fileRef = 822C1ED21DBE375600A8A761 /* VarietyDetailsGeneralInfoCollectionViewCell.swift */; };
		822C1ED51DBE37A500A8A761 /* VarietyDetailsGeneralInfoCollectionViewCell.xib in Resources */ = {isa = PBXBuildFile; fileRef = 822C1ED41DBE37A500A8A761 /* VarietyDetailsGeneralInfoCollectionViewCell.xib */; };
		82457AC81DAEAA5900D87B21 /* AppDelegate.swift in Sources */ = {isa = PBXBuildFile; fileRef = 82457AC71DAEAA5900D87B21 /* AppDelegate.swift */; };
		82457ACD1DAEAA5900D87B21 /* Main.storyboard in Resources */ = {isa = PBXBuildFile; fileRef = 82457ACB1DAEAA5900D87B21 /* Main.storyboard */; };
		82457AD01DAEAA5900D87B21 /* DaoFlowers.xcdatamodeld in Sources */ = {isa = PBXBuildFile; fileRef = 82457ACE1DAEAA5900D87B21 /* DaoFlowers.xcdatamodeld */; };
		82457AD21DAEAA5900D87B21 /* Assets.xcassets in Resources */ = {isa = PBXBuildFile; fileRef = 82457AD11DAEAA5900D87B21 /* Assets.xcassets */; };
		82457AD51DAEAA5900D87B21 /* LaunchScreen.storyboard in Resources */ = {isa = PBXBuildFile; fileRef = 82457AD31DAEAA5900D87B21 /* LaunchScreen.storyboard */; };
		825369081DDF9BA700A17537 /* InvoiceDetailsGeneralTotalTableViewCell.xib in Resources */ = {isa = PBXBuildFile; fileRef = 825369071DDF9BA700A17537 /* InvoiceDetailsGeneralTotalTableViewCell.xib */; };
		8253690B1DE0E73C00A17537 /* InvoiceDetailsGeneralFilterView.swift in Sources */ = {isa = PBXBuildFile; fileRef = 8253690A1DE0E73C00A17537 /* InvoiceDetailsGeneralFilterView.swift */; };
		8253690D1DE0E74900A17537 /* InvoiceDetailsGeneralFilterView.xib in Resources */ = {isa = PBXBuildFile; fileRef = 8253690C1DE0E74900A17537 /* InvoiceDetailsGeneralFilterView.xib */; };
		8253690F1DE229DA00A17537 /* InvoiceDetailsGeneralLandscapeTableViewCell.xib in Resources */ = {isa = PBXBuildFile; fileRef = 8253690E1DE229DA00A17537 /* InvoiceDetailsGeneralLandscapeTableViewCell.xib */; };
		825369131DE33BD700A17537 /* InvoiceDetailsGeneralTotalLandscapeTableViewCell.xib in Resources */ = {isa = PBXBuildFile; fileRef = 825369121DE33BD700A17537 /* InvoiceDetailsGeneralTotalLandscapeTableViewCell.xib */; };
		825369151DE33D7200A17537 /* InvoiceDetailsGeneralHeaderLandscapeTableViewCell.xib in Resources */ = {isa = PBXBuildFile; fileRef = 825369141DE33D7200A17537 /* InvoiceDetailsGeneralHeaderLandscapeTableViewCell.xib */; };
		825369181DE390AC00A17537 /* InvoiceDetailsStatisticsViewPage.swift in Sources */ = {isa = PBXBuildFile; fileRef = 825369171DE390AC00A17537 /* InvoiceDetailsStatisticsViewPage.swift */; };
		8253691A1DE390BF00A17537 /* InvoiceDetailsStatisticsViewPage.xib in Resources */ = {isa = PBXBuildFile; fileRef = 825369191DE390BF00A17537 /* InvoiceDetailsStatisticsViewPage.xib */; };
		8253691C1DE3910B00A17537 /* InvoiceDetailsStatisticsTableViewCell.swift in Sources */ = {isa = PBXBuildFile; fileRef = 8253691B1DE3910B00A17537 /* InvoiceDetailsStatisticsTableViewCell.swift */; };
		8253691E1DE44F8000A17537 /* InvoiceDetailsStatisticsTableViewCell.xib in Resources */ = {isa = PBXBuildFile; fileRef = 8253691D1DE44F8000A17537 /* InvoiceDetailsStatisticsTableViewCell.xib */; };
		825369261DE6317E00A17537 /* InvoiceDetailsStatisticsTotalTableViewCell.xib in Resources */ = {isa = PBXBuildFile; fileRef = 825369251DE6317E00A17537 /* InvoiceDetailsStatisticsTotalTableViewCell.xib */; };
		825369291DE72D4900A17537 /* InvoiceDetailsAveragePricesViewPage.swift in Sources */ = {isa = PBXBuildFile; fileRef = 825369281DE72D4900A17537 /* InvoiceDetailsAveragePricesViewPage.swift */; };
		8253692B1DE72D7400A17537 /* InvoiceDetailsAveragePricesViewPage.xib in Resources */ = {isa = PBXBuildFile; fileRef = 8253692A1DE72D7400A17537 /* InvoiceDetailsAveragePricesViewPage.xib */; };
		8253692D1DE72DF100A17537 /* InvoiceDetailsAveragePricesTableViewCell.swift in Sources */ = {isa = PBXBuildFile; fileRef = 8253692C1DE72DF100A17537 /* InvoiceDetailsAveragePricesTableViewCell.swift */; };
		8253692F1DE72E0D00A17537 /* InvoiceDetailsAveragePricesSizeTableViewCell.xib in Resources */ = {isa = PBXBuildFile; fileRef = 8253692E1DE72E0D00A17537 /* InvoiceDetailsAveragePricesSizeTableViewCell.xib */; };
		825369311DE72E1C00A17537 /* InvoiceDetailsAveragePricesStemTableViewCell.xib in Resources */ = {isa = PBXBuildFile; fileRef = 825369301DE72E1C00A17537 /* InvoiceDetailsAveragePricesStemTableViewCell.xib */; };
		825369331DE72E3900A17537 /* InvoiceDetailsAveragePricesTotalStemsTableViewCell.xib in Resources */ = {isa = PBXBuildFile; fileRef = 825369321DE72E3900A17537 /* InvoiceDetailsAveragePricesTotalStemsTableViewCell.xib */; };
		825369361DE770AC00A17537 /* ContactsViewController.swift in Sources */ = {isa = PBXBuildFile; fileRef = 825369351DE770AC00A17537 /* ContactsViewController.swift */; };
		825369381DE8BCFE00A17537 /* OrderCallbackViewController.swift in Sources */ = {isa = PBXBuildFile; fileRef = 825369371DE8BCFE00A17537 /* OrderCallbackViewController.swift */; };
		8253693A1DE8BD2100A17537 /* SendCommentViewController.swift in Sources */ = {isa = PBXBuildFile; fileRef = 825369391DE8BD2100A17537 /* SendCommentViewController.swift */; };
		8253693C1DEB7A8900A17537 /* ProductivityHintView.xib in Resources */ = {isa = PBXBuildFile; fileRef = 8253693B1DEB7A8900A17537 /* ProductivityHintView.xib */; };
		8253693E1DECAF4700A17537 /* BreederHintView.xib in Resources */ = {isa = PBXBuildFile; fileRef = 8253693D1DECAF4700A17537 /* BreederHintView.xib */; };
		825369401DECB07D00A17537 /* VarietyByFarmsHintView.xib in Resources */ = {isa = PBXBuildFile; fileRef = 8253693F1DECB07D00A17537 /* VarietyByFarmsHintView.xib */; };
		825369421DECB49E00A17537 /* FulfillmentHintView.xib in Resources */ = {isa = PBXBuildFile; fileRef = 825369411DECB49E00A17537 /* FulfillmentHintView.xib */; };
		825369441DED8C2E00A17537 /* VarietyImageViewerViewController.swift in Sources */ = {isa = PBXBuildFile; fileRef = 825369431DED8C2E00A17537 /* VarietyImageViewerViewController.swift */; };
		82606B9E1DCF7F8800A9E8D8 /* Country.swift in Sources */ = {isa = PBXBuildFile; fileRef = 82606B9D1DCF7F8800A9E8D8 /* Country.swift */; };
		82606BA11DCF824000A9E8D8 /* CountryCollectionViewCell.swift in Sources */ = {isa = PBXBuildFile; fileRef = 82606BA01DCF824000A9E8D8 /* CountryCollectionViewCell.swift */; };
		82606BA41DCF900D00A9E8D8 /* PlantationsViewController.swift in Sources */ = {isa = PBXBuildFile; fileRef = 82606BA31DCF900D00A9E8D8 /* PlantationsViewController.swift */; };
		82606BA61DCFA55200A9E8D8 /* PlantationsPageView.swift in Sources */ = {isa = PBXBuildFile; fileRef = 82606BA51DCFA55200A9E8D8 /* PlantationsPageView.swift */; };
		82606BA81DCFA56900A9E8D8 /* PlantationsPageView.xib in Resources */ = {isa = PBXBuildFile; fileRef = 82606BA71DCFA56900A9E8D8 /* PlantationsPageView.xib */; };
		82606BAA1DCFC34300A9E8D8 /* PlantationCollectionViewCell.xib in Resources */ = {isa = PBXBuildFile; fileRef = 82606BA91DCFC34300A9E8D8 /* PlantationCollectionViewCell.xib */; };
		82606BAC1DCFC35C00A9E8D8 /* PlantationCollectionViewCell.swift in Sources */ = {isa = PBXBuildFile; fileRef = 82606BAB1DCFC35C00A9E8D8 /* PlantationCollectionViewCell.swift */; };
		82606BAF1DD1F48C00A9E8D8 /* PlantationsSearchViewController.swift in Sources */ = {isa = PBXBuildFile; fileRef = 82606BAE1DD1F48C00A9E8D8 /* PlantationsSearchViewController.swift */; };
		82606BB11DD1FF9500A9E8D8 /* ApiManager+Plantations.swift in Sources */ = {isa = PBXBuildFile; fileRef = 82606BB01DD1FF9500A9E8D8 /* ApiManager+Plantations.swift */; };
		82606BB31DD201EC00A9E8D8 /* PlantationsSearchAdditionalParametersView.swift in Sources */ = {isa = PBXBuildFile; fileRef = 82606BB21DD201EC00A9E8D8 /* PlantationsSearchAdditionalParametersView.swift */; };
		82606BB51DD2631C00A9E8D8 /* PlantationsSearchAdditionalParametersView.xib in Resources */ = {isa = PBXBuildFile; fileRef = 82606BB41DD2631C00A9E8D8 /* PlantationsSearchAdditionalParametersView.xib */; };
		82606BB81DD383A600A9E8D8 /* PlantationDetailsViewController.swift in Sources */ = {isa = PBXBuildFile; fileRef = 82606BB71DD383A600A9E8D8 /* PlantationDetailsViewController.swift */; };
		82606BBC1DD3A9DF00A9E8D8 /* VarietiesByPlantationPageView.swift in Sources */ = {isa = PBXBuildFile; fileRef = 82606BBB1DD3A9DF00A9E8D8 /* VarietiesByPlantationPageView.swift */; };
		82606BBE1DD3A9EB00A9E8D8 /* VarietiesByPlantationPageView.xib in Resources */ = {isa = PBXBuildFile; fileRef = 82606BBD1DD3A9EB00A9E8D8 /* VarietiesByPlantationPageView.xib */; };
		82606BC31DD76FAB00A9E8D8 /* VarietiesListHintView.xib in Resources */ = {isa = PBXBuildFile; fileRef = 82606BC21DD76FAB00A9E8D8 /* VarietiesListHintView.xib */; };
		82606BC51DD770C800A9E8D8 /* AHintView.swift in Sources */ = {isa = PBXBuildFile; fileRef = 82606BC41DD770C800A9E8D8 /* AHintView.swift */; };
		82606BC71DD7985800A9E8D8 /* ApiManager+Orders.swift in Sources */ = {isa = PBXBuildFile; fileRef = 82606BC61DD7985800A9E8D8 /* ApiManager+Orders.swift */; };
		82606BCA1DD7992C00A9E8D8 /* CurrentOrdersViewController.swift in Sources */ = {isa = PBXBuildFile; fileRef = 82606BC91DD7992C00A9E8D8 /* CurrentOrdersViewController.swift */; };
		82606BCE1DD7AA9700A9E8D8 /* OrderTableViewCell.swift in Sources */ = {isa = PBXBuildFile; fileRef = 82606BCD1DD7AA9700A9E8D8 /* OrderTableViewCell.swift */; };
		827BAC2C1DBF675200B50C2B /* MenuTableViewCell.swift in Sources */ = {isa = PBXBuildFile; fileRef = 827BAC2B1DBF675200B50C2B /* MenuTableViewCell.swift */; };
		827BF85F1DAEAF4000054548 /* BaseViewController.swift in Sources */ = {isa = PBXBuildFile; fileRef = 827BF85E1DAEAF4000054548 /* BaseViewController.swift */; };
		827E8B041DD8C10E000A8EAE /* OrderDetailsViewController.swift in Sources */ = {isa = PBXBuildFile; fileRef = 827E8B031DD8C10E000A8EAE /* OrderDetailsViewController.swift */; };
		827E8B071DD8DEC6000A8EAE /* Order.swift in Sources */ = {isa = PBXBuildFile; fileRef = 827E8B061DD8DEC6000A8EAE /* Order.swift */; };
		827E8B091DD8DEFB000A8EAE /* OrderDetails.swift in Sources */ = {isa = PBXBuildFile; fileRef = 827E8B081DD8DEFB000A8EAE /* OrderDetails.swift */; };
		827E8B0B1DD8E0B8000A8EAE /* OrderDetailsTableViewCell.swift in Sources */ = {isa = PBXBuildFile; fileRef = 827E8B0A1DD8E0B8000A8EAE /* OrderDetailsTableViewCell.swift */; };
		827E8B0E1DDB38CA000A8EAE /* DocumentsViewController.swift in Sources */ = {isa = PBXBuildFile; fileRef = 827E8B0D1DDB38CA000A8EAE /* DocumentsViewController.swift */; };
		827E8B101DDB3A27000A8EAE /* DocumentsPageView.swift in Sources */ = {isa = PBXBuildFile; fileRef = 827E8B0F1DDB3A27000A8EAE /* DocumentsPageView.swift */; };
		827E8B121DDB3A31000A8EAE /* DocumentsPageView.xib in Resources */ = {isa = PBXBuildFile; fileRef = 827E8B111DDB3A31000A8EAE /* DocumentsPageView.xib */; };
		827E8B141DDB3ABF000A8EAE /* Document.swift in Sources */ = {isa = PBXBuildFile; fileRef = 827E8B131DDB3ABF000A8EAE /* Document.swift */; };
		827E8B161DDB4C47000A8EAE /* DocumentTableViewCell.swift in Sources */ = {isa = PBXBuildFile; fileRef = 827E8B151DDB4C47000A8EAE /* DocumentTableViewCell.swift */; };
		827E8B181DDB4C50000A8EAE /* DocumentTableViewCell.xib in Resources */ = {isa = PBXBuildFile; fileRef = 827E8B171DDB4C50000A8EAE /* DocumentTableViewCell.xib */; };
		827E8B1A1DDB535E000A8EAE /* ApiManager+Documents.swift in Sources */ = {isa = PBXBuildFile; fileRef = 827E8B191DDB535E000A8EAE /* ApiManager+Documents.swift */; };
		827E8B1C1DDB79CB000A8EAE /* DocumentTableViewHeader.swift in Sources */ = {isa = PBXBuildFile; fileRef = 827E8B1B1DDB79CB000A8EAE /* DocumentTableViewHeader.swift */; };
		827E8B1E1DDB79D8000A8EAE /* DocumentTableViewHeader.xib in Resources */ = {isa = PBXBuildFile; fileRef = 827E8B1D1DDB79D8000A8EAE /* DocumentTableViewHeader.xib */; };
		8299D36D1DAF8CC50088E550 /* MainViewControllerSegue.swift in Sources */ = {isa = PBXBuildFile; fileRef = 8299D36C1DAF8CC50088E550 /* MainViewControllerSegue.swift */; };
		8299D3701DAF8F110088E550 /* MenuViewController.swift in Sources */ = {isa = PBXBuildFile; fileRef = 8299D36F1DAF8F110088E550 /* MenuViewController.swift */; };
		8299D3721DAF926E0088E550 /* Constants.swift in Sources */ = {isa = PBXBuildFile; fileRef = 8299D3711DAF926E0088E550 /* Constants.swift */; };
		8299D3741DAF99940088E550 /* FlowersViewController.swift in Sources */ = {isa = PBXBuildFile; fileRef = 8299D3731DAF99940088E550 /* FlowersViewController.swift */; };
		8299D3761DAF99B30088E550 /* CountriesViewController.swift in Sources */ = {isa = PBXBuildFile; fileRef = 8299D3751DAF99B30088E550 /* CountriesViewController.swift */; };
		8299D3781DAF9A0D0088E550 /* MenuButtonHandler.swift in Sources */ = {isa = PBXBuildFile; fileRef = 8299D3771DAF9A0D0088E550 /* MenuButtonHandler.swift */; };
		8299D37A1DAF9A930088E550 /* MainViewController.swift in Sources */ = {isa = PBXBuildFile; fileRef = 8299D3791DAF9A930088E550 /* MainViewController.swift */; };
		8299D37E1DB14E320088E550 /* ApiManager.swift in Sources */ = {isa = PBXBuildFile; fileRef = 8299D37D1DB14E320088E550 /* ApiManager.swift */; };
		8299D3811DB151F00088E550 /* Flower.swift in Sources */ = {isa = PBXBuildFile; fileRef = 8299D3801DB151F00088E550 /* Flower.swift */; };
		8299D3841DB155960088E550 /* FlowerCollectionViewCell.swift in Sources */ = {isa = PBXBuildFile; fileRef = 8299D3831DB155960088E550 /* FlowerCollectionViewCell.swift */; };
		8299D38A1DB375AA0088E550 /* Color.swift in Sources */ = {isa = PBXBuildFile; fileRef = 8299D3891DB375AA0088E550 /* Color.swift */; };
		8299D38C1DB376EE0088E550 /* ColorCollectionViewCell.swift in Sources */ = {isa = PBXBuildFile; fileRef = 8299D38B1DB376EE0088E550 /* ColorCollectionViewCell.swift */; };
		8299D38E1DB3BD5B0088E550 /* VarietiesViewController.swift in Sources */ = {isa = PBXBuildFile; fileRef = 8299D38D1DB3BD5B0088E550 /* VarietiesViewController.swift */; };
		8299D3921DB3BDFA0088E550 /* Variety.swift in Sources */ = {isa = PBXBuildFile; fileRef = 8299D3911DB3BDFA0088E550 /* Variety.swift */; };
		8299D3961DB3C2BF0088E550 /* Utils.swift in Sources */ = {isa = PBXBuildFile; fileRef = 8299D3951DB3C2BF0088E550 /* Utils.swift */; };
		8299D3981DB5041E0088E550 /* PageViewer.swift in Sources */ = {isa = PBXBuildFile; fileRef = 8299D3971DB5041E0088E550 /* PageViewer.swift */; };
		8299D3A21DB622FA0088E550 /* HeaderPageViewerCollectionViewCell.swift in Sources */ = {isa = PBXBuildFile; fileRef = 8299D3A11DB622FA0088E550 /* HeaderPageViewerCollectionViewCell.swift */; };
		8299D3A41DB7BD000088E550 /* HeaderPageViewerHighlightView.swift in Sources */ = {isa = PBXBuildFile; fileRef = 8299D3A31DB7BD000088E550 /* HeaderPageViewerHighlightView.swift */; };
		8299D3A61DB8C6090088E550 /* PageViewerFlowLayout.swift in Sources */ = {isa = PBXBuildFile; fileRef = 8299D3A51DB8C6090088E550 /* PageViewerFlowLayout.swift */; };
		8299D3A81DB8CD940088E550 /* VarietiesPageView.swift in Sources */ = {isa = PBXBuildFile; fileRef = 8299D3A71DB8CD940088E550 /* VarietiesPageView.swift */; };
		8299D3AA1DB8CF660088E550 /* ContentPageViewerCollectionViewCell.swift in Sources */ = {isa = PBXBuildFile; fileRef = 8299D3A91DB8CF660088E550 /* ContentPageViewerCollectionViewCell.swift */; };
		8299D3AC1DB8D2170088E550 /* VarietiesPageView.xib in Resources */ = {isa = PBXBuildFile; fileRef = 8299D3AB1DB8D2170088E550 /* VarietiesPageView.xib */; };
		8299D3AE1DB8DFA90088E550 /* HeaderPageViewerCollectionViewCell.xib in Resources */ = {isa = PBXBuildFile; fileRef = 8299D3AD1DB8DFA90088E550 /* HeaderPageViewerCollectionViewCell.xib */; };
		8299D3B01DB8E4240088E550 /* ContentPageViewerCollectionViewCell.xib in Resources */ = {isa = PBXBuildFile; fileRef = 8299D3AF1DB8E4240088E550 /* ContentPageViewerCollectionViewCell.xib */; };
		8299D3B51DB903D50088E550 /* PageViewer.xib in Resources */ = {isa = PBXBuildFile; fileRef = 8299D3B41DB903D50088E550 /* PageViewer.xib */; };
		8299D3B91DBBACD50088E550 /* RBHUD.swift in Sources */ = {isa = PBXBuildFile; fileRef = 8299D3B81DBBACD50088E550 /* RBHUD.swift */; };
		8299D3BC1DBBADD80088E550 /* VarietyDetailsViewController.swift in Sources */ = {isa = PBXBuildFile; fileRef = 8299D3BB1DBBADD80088E550 /* VarietyDetailsViewController.swift */; };
		8299D3C21DBBAFBF0088E550 /* VarietyDetailsGeneralInfoView.swift in Sources */ = {isa = PBXBuildFile; fileRef = 8299D3C11DBBAFBF0088E550 /* VarietyDetailsGeneralInfoView.swift */; };
		8299D3C41DBBAFDC0088E550 /* VarietyDetailsPlantationsGrowersView.swift in Sources */ = {isa = PBXBuildFile; fileRef = 8299D3C31DBBAFDC0088E550 /* VarietyDetailsPlantationsGrowersView.swift */; };
		8299D3C61DBBAFF90088E550 /* VarietyDetailsSimilarVarietiesView.swift in Sources */ = {isa = PBXBuildFile; fileRef = 8299D3C51DBBAFF90088E550 /* VarietyDetailsSimilarVarietiesView.swift */; };
		8299D3C81DBBB1150088E550 /* VarietyDetailsGeneralInfoView.xib in Resources */ = {isa = PBXBuildFile; fileRef = 8299D3C71DBBB1150088E550 /* VarietyDetailsGeneralInfoView.xib */; };
		8299D3CA1DBBB11F0088E550 /* VarietyDetailsPlantationsGrowersView.xib in Resources */ = {isa = PBXBuildFile; fileRef = 8299D3C91DBBB11F0088E550 /* VarietyDetailsPlantationsGrowersView.xib */; };
		8299D3CC1DBBB1360088E550 /* VarietyDetailsSimilarVarietiesView.xib in Resources */ = {isa = PBXBuildFile; fileRef = 8299D3CB1DBBB1360088E550 /* VarietyDetailsSimilarVarietiesView.xib */; };
		8299D3CF1DBBDB160088E550 /* LoginViewController.swift in Sources */ = {isa = PBXBuildFile; fileRef = 8299D3CE1DBBDB160088E550 /* LoginViewController.swift */; };
		8299D3D11DBBE36C0088E550 /* User.swift in Sources */ = {isa = PBXBuildFile; fileRef = 8299D3D01DBBE36C0088E550 /* User.swift */; };
		8299D3D61DBBF5C30088E550 /* ApiManager+Authorization.swift in Sources */ = {isa = PBXBuildFile; fileRef = 8299D3D51DBBF5C30088E550 /* ApiManager+Authorization.swift */; };
		8299D3D81DBCC17E0088E550 /* SimilarVarietyCollectionViewCell.swift in Sources */ = {isa = PBXBuildFile; fileRef = 8299D3D71DBCC17E0088E550 /* SimilarVarietyCollectionViewCell.swift */; };
		8299D3DA1DBCC1A30088E550 /* SimilarVarietyCollectionViewCell.xib in Resources */ = {isa = PBXBuildFile; fileRef = 8299D3D91DBCC1A30088E550 /* SimilarVarietyCollectionViewCell.xib */; };
		82C059721DC60DDE00F061E6 /* ColorsViewController.swift in Sources */ = {isa = PBXBuildFile; fileRef = 82C059711DC60DDE00F061E6 /* ColorsViewController.swift */; };
		82C059741DC617D100F061E6 /* ColorsPageView.swift in Sources */ = {isa = PBXBuildFile; fileRef = 82C059731DC617D100F061E6 /* ColorsPageView.swift */; };
		82C059761DC619AD00F061E6 /* ColorsPageView.xib in Resources */ = {isa = PBXBuildFile; fileRef = 82C059751DC619AD00F061E6 /* ColorsPageView.xib */; };
		82C059781DC623A300F061E6 /* ColorCollectionViewCell.xib in Resources */ = {isa = PBXBuildFile; fileRef = 82C059771DC623A300F061E6 /* ColorCollectionViewCell.xib */; };
		82C0597B1DC6449C00F061E6 /* VarietyCollectionViewCell.xib in Resources */ = {isa = PBXBuildFile; fileRef = 82C0597A1DC6449C00F061E6 /* VarietyCollectionViewCell.xib */; };
		82C059801DC675E100F061E6 /* SettingsViewController.swift in Sources */ = {isa = PBXBuildFile; fileRef = 82C0597F1DC675E100F061E6 /* SettingsViewController.swift */; };
		82C059821DC6873F00F061E6 /* LanguagePickerViewCell.swift in Sources */ = {isa = PBXBuildFile; fileRef = 82C059811DC6873F00F061E6 /* LanguagePickerViewCell.swift */; };
		82C059841DC6874E00F061E6 /* LanguagePickerViewCell.xib in Resources */ = {isa = PBXBuildFile; fileRef = 82C059831DC6874E00F061E6 /* LanguagePickerViewCell.xib */; };
		82C0598A1DC68E4900F061E6 /* Localizable.strings in Resources */ = {isa = PBXBuildFile; fileRef = 82C0598C1DC68E4900F061E6 /* Localizable.strings */; };
		82C059931DC68ED000F061E6 /* LanguageManager.swift in Sources */ = {isa = PBXBuildFile; fileRef = 82C059921DC68ED000F061E6 /* LanguageManager.swift */; };
		82C1C1D91DDDF6CA007F223E /* InvoiceDetailsViewController.swift in Sources */ = {isa = PBXBuildFile; fileRef = 82C1C1D81DDDF6CA007F223E /* InvoiceDetailsViewController.swift */; };
		82C1C1DB1DDDF981007F223E /* InvoiceDetailsGeneralViewPage.swift in Sources */ = {isa = PBXBuildFile; fileRef = 82C1C1DA1DDDF981007F223E /* InvoiceDetailsGeneralViewPage.swift */; };
		82C1C1DD1DDDF98C007F223E /* InvoiceDetailsGeneralViewPage.xib in Resources */ = {isa = PBXBuildFile; fileRef = 82C1C1DC1DDDF98C007F223E /* InvoiceDetailsGeneralViewPage.xib */; };
		82C1C1DF1DDDFA37007F223E /* InvoiceDetailsGeneralTableViewCell.xib in Resources */ = {isa = PBXBuildFile; fileRef = 82C1C1DE1DDDFA37007F223E /* InvoiceDetailsGeneralTableViewCell.xib */; };
		82C1C1E11DDDFA4B007F223E /* InvoiceDetailsGeneralTableViewCell.swift in Sources */ = {isa = PBXBuildFile; fileRef = 82C1C1E01DDDFA4B007F223E /* InvoiceDetailsGeneralTableViewCell.swift */; };
		82C1C1E71DDDFE0A007F223E /* InvoiceDetails.swift in Sources */ = {isa = PBXBuildFile; fileRef = 82C1C1E61DDDFE0A007F223E /* InvoiceDetails.swift */; };
		82C1C1EB1DDF968C007F223E /* InvoiceDetailsGeneralHeaderTableViewCell.xib in Resources */ = {isa = PBXBuildFile; fileRef = 82C1C1EA1DDF968C007F223E /* InvoiceDetailsGeneralHeaderTableViewCell.xib */; };
		82E5659E1DBCF775005F18F5 /* Plantation.swift in Sources */ = {isa = PBXBuildFile; fileRef = 82E5659D1DBCF775005F18F5 /* Plantation.swift */; };
		82FBA1991DBFD393001CE265 /* VarietiesSearchViewController.swift in Sources */ = {isa = PBXBuildFile; fileRef = 82FBA1981DBFD393001CE265 /* VarietiesSearchViewController.swift */; };
		82FBA19B1DBFD437001CE265 /* VarietyCollectionViewCell.swift in Sources */ = {isa = PBXBuildFile; fileRef = 82FBA19A1DBFD437001CE265 /* VarietyCollectionViewCell.swift */; };
		82FBA19E1DC0D007001CE265 /* VarietiesSearchAdditionalParametersView.xib in Resources */ = {isa = PBXBuildFile; fileRef = 82FBA19D1DC0D007001CE265 /* VarietiesSearchAdditionalParametersView.xib */; };
		82FBA1A01DC0D017001CE265 /* VarietiesSearchAdditionalParametersView.swift in Sources */ = {isa = PBXBuildFile; fileRef = 82FBA19F1DC0D017001CE265 /* VarietiesSearchAdditionalParametersView.swift */; };
		82FBA1A21DC0D73E001CE265 /* Breeder.swift in Sources */ = {isa = PBXBuildFile; fileRef = 82FBA1A11DC0D73E001CE265 /* Breeder.swift */; };
		82FBA1A71DC2797E001CE265 /* NSLayoutConstraint+ChangeMultiplier.swift in Sources */ = {isa = PBXBuildFile; fileRef = 82FBA1A61DC2797E001CE265 /* NSLayoutConstraint+ChangeMultiplier.swift */; };
		82FBA1A91DC287C1001CE265 /* UIView+ConstraintByIdentifier.swift in Sources */ = {isa = PBXBuildFile; fileRef = 82FBA1A81DC287C1001CE265 /* UIView+ConstraintByIdentifier.swift */; };
		82FBA1AB1DC28DEF001CE265 /* SearchAdditionalParametersTableViewCell.xib in Resources */ = {isa = PBXBuildFile; fileRef = 82FBA1AA1DC28DEF001CE265 /* SearchAdditionalParametersTableViewCell.xib */; };
		82FBA1AD1DC3753A001CE265 /* SearchAdditionalParametersTableViewCell.swift in Sources */ = {isa = PBXBuildFile; fileRef = 82FBA1AC1DC3753A001CE265 /* SearchAdditionalParametersTableViewCell.swift */; };
		82FF96211DEDF1DD00A5BB70 /* VarietyImageCollectionViewCell.swift in Sources */ = {isa = PBXBuildFile; fileRef = 82FF96201DEDF1DD00A5BB70 /* VarietyImageCollectionViewCell.swift */; };
		82FF96251DF0443E00A5BB70 /* ApiManager+Support.swift in Sources */ = {isa = PBXBuildFile; fileRef = 82FF96241DF0443E00A5BB70 /* ApiManager+Support.swift */; };
		82FF96271DF0682E00A5BB70 /* RegistrationViewController.swift in Sources */ = {isa = PBXBuildFile; fileRef = 82FF96261DF0682E00A5BB70 /* RegistrationViewController.swift */; };
		82FF96291DF0A4DF00A5BB70 /* ApiManager+Profile.swift in Sources */ = {isa = PBXBuildFile; fileRef = 82FF96281DF0A4DF00A5BB70 /* ApiManager+Profile.swift */; };
		F81CBF2D8B89C452C874F6B5 /* Pods_DaoFlowers.framework in Frameworks */ = {isa = PBXBuildFile; fileRef = B5BB758AC21055E3F306CB97 /* Pods_DaoFlowers.framework */; };
/* End PBXBuildFile section */

/* Begin PBXFileReference section */
		41BF2CE2A460955924CE8330 /* Pods-DaoFlowers.release.xcconfig */ = {isa = PBXFileReference; includeInIndex = 1; lastKnownFileType = text.xcconfig; name = "Pods-DaoFlowers.release.xcconfig"; path = "Pods/Target Support Files/Pods-DaoFlowers/Pods-DaoFlowers.release.xcconfig"; sourceTree = "<group>"; };
		821327621DC7E46C006E5E8B /* en */ = {isa = PBXFileReference; lastKnownFileType = text.plist.strings; name = en; path = en.lproj/Localizable.strings; sourceTree = "<group>"; };
		822C1ED21DBE375600A8A761 /* VarietyDetailsGeneralInfoCollectionViewCell.swift */ = {isa = PBXFileReference; fileEncoding = 4; lastKnownFileType = sourcecode.swift; path = VarietyDetailsGeneralInfoCollectionViewCell.swift; sourceTree = "<group>"; };
		822C1ED41DBE37A500A8A761 /* VarietyDetailsGeneralInfoCollectionViewCell.xib */ = {isa = PBXFileReference; fileEncoding = 4; lastKnownFileType = file.xib; path = VarietyDetailsGeneralInfoCollectionViewCell.xib; sourceTree = "<group>"; };
		82457AC41DAEAA5900D87B21 /* DaoFlowers.app */ = {isa = PBXFileReference; explicitFileType = wrapper.application; includeInIndex = 0; path = DaoFlowers.app; sourceTree = BUILT_PRODUCTS_DIR; };
		82457AC71DAEAA5900D87B21 /* AppDelegate.swift */ = {isa = PBXFileReference; lastKnownFileType = sourcecode.swift; path = AppDelegate.swift; sourceTree = "<group>"; };
		82457ACC1DAEAA5900D87B21 /* Base */ = {isa = PBXFileReference; lastKnownFileType = file.storyboard; name = Base; path = Base.lproj/Main.storyboard; sourceTree = "<group>"; };
		82457ACF1DAEAA5900D87B21 /* DaoFlowers.xcdatamodel */ = {isa = PBXFileReference; lastKnownFileType = wrapper.xcdatamodel; path = DaoFlowers.xcdatamodel; sourceTree = "<group>"; };
		82457AD11DAEAA5900D87B21 /* Assets.xcassets */ = {isa = PBXFileReference; lastKnownFileType = folder.assetcatalog; path = Assets.xcassets; sourceTree = "<group>"; };
		82457AD41DAEAA5900D87B21 /* Base */ = {isa = PBXFileReference; lastKnownFileType = file.storyboard; name = Base; path = Base.lproj/LaunchScreen.storyboard; sourceTree = "<group>"; };
		82457AD61DAEAA5900D87B21 /* Info.plist */ = {isa = PBXFileReference; lastKnownFileType = text.plist.xml; path = Info.plist; sourceTree = "<group>"; };
		825369071DDF9BA700A17537 /* InvoiceDetailsGeneralTotalTableViewCell.xib */ = {isa = PBXFileReference; fileEncoding = 4; lastKnownFileType = file.xib; path = InvoiceDetailsGeneralTotalTableViewCell.xib; sourceTree = "<group>"; };
		8253690A1DE0E73C00A17537 /* InvoiceDetailsGeneralFilterView.swift */ = {isa = PBXFileReference; fileEncoding = 4; lastKnownFileType = sourcecode.swift; path = InvoiceDetailsGeneralFilterView.swift; sourceTree = "<group>"; };
		8253690C1DE0E74900A17537 /* InvoiceDetailsGeneralFilterView.xib */ = {isa = PBXFileReference; fileEncoding = 4; lastKnownFileType = file.xib; path = InvoiceDetailsGeneralFilterView.xib; sourceTree = "<group>"; };
		8253690E1DE229DA00A17537 /* InvoiceDetailsGeneralLandscapeTableViewCell.xib */ = {isa = PBXFileReference; fileEncoding = 4; lastKnownFileType = file.xib; path = InvoiceDetailsGeneralLandscapeTableViewCell.xib; sourceTree = "<group>"; };
		825369121DE33BD700A17537 /* InvoiceDetailsGeneralTotalLandscapeTableViewCell.xib */ = {isa = PBXFileReference; fileEncoding = 4; lastKnownFileType = file.xib; path = InvoiceDetailsGeneralTotalLandscapeTableViewCell.xib; sourceTree = "<group>"; };
		825369141DE33D7200A17537 /* InvoiceDetailsGeneralHeaderLandscapeTableViewCell.xib */ = {isa = PBXFileReference; fileEncoding = 4; lastKnownFileType = file.xib; path = InvoiceDetailsGeneralHeaderLandscapeTableViewCell.xib; sourceTree = "<group>"; };
		825369171DE390AC00A17537 /* InvoiceDetailsStatisticsViewPage.swift */ = {isa = PBXFileReference; fileEncoding = 4; lastKnownFileType = sourcecode.swift; path = InvoiceDetailsStatisticsViewPage.swift; sourceTree = "<group>"; };
		825369191DE390BF00A17537 /* InvoiceDetailsStatisticsViewPage.xib */ = {isa = PBXFileReference; fileEncoding = 4; lastKnownFileType = file.xib; path = InvoiceDetailsStatisticsViewPage.xib; sourceTree = "<group>"; };
		8253691B1DE3910B00A17537 /* InvoiceDetailsStatisticsTableViewCell.swift */ = {isa = PBXFileReference; fileEncoding = 4; lastKnownFileType = sourcecode.swift; path = InvoiceDetailsStatisticsTableViewCell.swift; sourceTree = "<group>"; };
		8253691D1DE44F8000A17537 /* InvoiceDetailsStatisticsTableViewCell.xib */ = {isa = PBXFileReference; fileEncoding = 4; lastKnownFileType = file.xib; path = InvoiceDetailsStatisticsTableViewCell.xib; sourceTree = "<group>"; };
		825369251DE6317E00A17537 /* InvoiceDetailsStatisticsTotalTableViewCell.xib */ = {isa = PBXFileReference; fileEncoding = 4; lastKnownFileType = file.xib; path = InvoiceDetailsStatisticsTotalTableViewCell.xib; sourceTree = "<group>"; };
		825369281DE72D4900A17537 /* InvoiceDetailsAveragePricesViewPage.swift */ = {isa = PBXFileReference; fileEncoding = 4; lastKnownFileType = sourcecode.swift; path = InvoiceDetailsAveragePricesViewPage.swift; sourceTree = "<group>"; };
		8253692A1DE72D7400A17537 /* InvoiceDetailsAveragePricesViewPage.xib */ = {isa = PBXFileReference; fileEncoding = 4; lastKnownFileType = file.xib; path = InvoiceDetailsAveragePricesViewPage.xib; sourceTree = "<group>"; };
		8253692C1DE72DF100A17537 /* InvoiceDetailsAveragePricesTableViewCell.swift */ = {isa = PBXFileReference; fileEncoding = 4; lastKnownFileType = sourcecode.swift; path = InvoiceDetailsAveragePricesTableViewCell.swift; sourceTree = "<group>"; };
		8253692E1DE72E0D00A17537 /* InvoiceDetailsAveragePricesSizeTableViewCell.xib */ = {isa = PBXFileReference; fileEncoding = 4; lastKnownFileType = file.xib; path = InvoiceDetailsAveragePricesSizeTableViewCell.xib; sourceTree = "<group>"; };
		825369301DE72E1C00A17537 /* InvoiceDetailsAveragePricesStemTableViewCell.xib */ = {isa = PBXFileReference; fileEncoding = 4; lastKnownFileType = file.xib; path = InvoiceDetailsAveragePricesStemTableViewCell.xib; sourceTree = "<group>"; };
		825369321DE72E3900A17537 /* InvoiceDetailsAveragePricesTotalStemsTableViewCell.xib */ = {isa = PBXFileReference; fileEncoding = 4; lastKnownFileType = file.xib; path = InvoiceDetailsAveragePricesTotalStemsTableViewCell.xib; sourceTree = "<group>"; };
		825369351DE770AC00A17537 /* ContactsViewController.swift */ = {isa = PBXFileReference; fileEncoding = 4; lastKnownFileType = sourcecode.swift; path = ContactsViewController.swift; sourceTree = "<group>"; };
		825369371DE8BCFE00A17537 /* OrderCallbackViewController.swift */ = {isa = PBXFileReference; fileEncoding = 4; lastKnownFileType = sourcecode.swift; path = OrderCallbackViewController.swift; sourceTree = "<group>"; };
		825369391DE8BD2100A17537 /* SendCommentViewController.swift */ = {isa = PBXFileReference; fileEncoding = 4; lastKnownFileType = sourcecode.swift; path = SendCommentViewController.swift; sourceTree = "<group>"; };
		8253693B1DEB7A8900A17537 /* ProductivityHintView.xib */ = {isa = PBXFileReference; fileEncoding = 4; lastKnownFileType = file.xib; path = ProductivityHintView.xib; sourceTree = "<group>"; };
		8253693D1DECAF4700A17537 /* BreederHintView.xib */ = {isa = PBXFileReference; fileEncoding = 4; lastKnownFileType = file.xib; path = BreederHintView.xib; sourceTree = "<group>"; };
		8253693F1DECB07D00A17537 /* VarietyByFarmsHintView.xib */ = {isa = PBXFileReference; fileEncoding = 4; lastKnownFileType = file.xib; path = VarietyByFarmsHintView.xib; sourceTree = "<group>"; };
		825369411DECB49E00A17537 /* FulfillmentHintView.xib */ = {isa = PBXFileReference; fileEncoding = 4; lastKnownFileType = file.xib; path = FulfillmentHintView.xib; sourceTree = "<group>"; };
		825369431DED8C2E00A17537 /* VarietyImageViewerViewController.swift */ = {isa = PBXFileReference; fileEncoding = 4; lastKnownFileType = sourcecode.swift; path = VarietyImageViewerViewController.swift; sourceTree = "<group>"; };
		82606B9D1DCF7F8800A9E8D8 /* Country.swift */ = {isa = PBXFileReference; fileEncoding = 4; lastKnownFileType = sourcecode.swift; path = Country.swift; sourceTree = "<group>"; };
		82606BA01DCF824000A9E8D8 /* CountryCollectionViewCell.swift */ = {isa = PBXFileReference; fileEncoding = 4; lastKnownFileType = sourcecode.swift; path = CountryCollectionViewCell.swift; sourceTree = "<group>"; };
		82606BA31DCF900D00A9E8D8 /* PlantationsViewController.swift */ = {isa = PBXFileReference; fileEncoding = 4; lastKnownFileType = sourcecode.swift; path = PlantationsViewController.swift; sourceTree = "<group>"; };
		82606BA51DCFA55200A9E8D8 /* PlantationsPageView.swift */ = {isa = PBXFileReference; fileEncoding = 4; lastKnownFileType = sourcecode.swift; path = PlantationsPageView.swift; sourceTree = "<group>"; };
		82606BA71DCFA56900A9E8D8 /* PlantationsPageView.xib */ = {isa = PBXFileReference; fileEncoding = 4; lastKnownFileType = file.xib; path = PlantationsPageView.xib; sourceTree = "<group>"; };
		82606BA91DCFC34300A9E8D8 /* PlantationCollectionViewCell.xib */ = {isa = PBXFileReference; fileEncoding = 4; lastKnownFileType = file.xib; path = PlantationCollectionViewCell.xib; sourceTree = "<group>"; };
		82606BAB1DCFC35C00A9E8D8 /* PlantationCollectionViewCell.swift */ = {isa = PBXFileReference; fileEncoding = 4; lastKnownFileType = sourcecode.swift; path = PlantationCollectionViewCell.swift; sourceTree = "<group>"; };
		82606BAE1DD1F48C00A9E8D8 /* PlantationsSearchViewController.swift */ = {isa = PBXFileReference; fileEncoding = 4; lastKnownFileType = sourcecode.swift; path = PlantationsSearchViewController.swift; sourceTree = "<group>"; };
		82606BB01DD1FF9500A9E8D8 /* ApiManager+Plantations.swift */ = {isa = PBXFileReference; fileEncoding = 4; lastKnownFileType = sourcecode.swift; path = "ApiManager+Plantations.swift"; sourceTree = "<group>"; };
		82606BB21DD201EC00A9E8D8 /* PlantationsSearchAdditionalParametersView.swift */ = {isa = PBXFileReference; fileEncoding = 4; lastKnownFileType = sourcecode.swift; path = PlantationsSearchAdditionalParametersView.swift; sourceTree = "<group>"; };
		82606BB41DD2631C00A9E8D8 /* PlantationsSearchAdditionalParametersView.xib */ = {isa = PBXFileReference; fileEncoding = 4; lastKnownFileType = file.xib; path = PlantationsSearchAdditionalParametersView.xib; sourceTree = "<group>"; };
		82606BB71DD383A600A9E8D8 /* PlantationDetailsViewController.swift */ = {isa = PBXFileReference; fileEncoding = 4; lastKnownFileType = sourcecode.swift; path = PlantationDetailsViewController.swift; sourceTree = "<group>"; };
		82606BBB1DD3A9DF00A9E8D8 /* VarietiesByPlantationPageView.swift */ = {isa = PBXFileReference; fileEncoding = 4; lastKnownFileType = sourcecode.swift; path = VarietiesByPlantationPageView.swift; sourceTree = "<group>"; };
		82606BBD1DD3A9EB00A9E8D8 /* VarietiesByPlantationPageView.xib */ = {isa = PBXFileReference; fileEncoding = 4; lastKnownFileType = file.xib; path = VarietiesByPlantationPageView.xib; sourceTree = "<group>"; };
		82606BC21DD76FAB00A9E8D8 /* VarietiesListHintView.xib */ = {isa = PBXFileReference; fileEncoding = 4; lastKnownFileType = file.xib; path = VarietiesListHintView.xib; sourceTree = "<group>"; };
		82606BC41DD770C800A9E8D8 /* AHintView.swift */ = {isa = PBXFileReference; fileEncoding = 4; lastKnownFileType = sourcecode.swift; path = AHintView.swift; sourceTree = "<group>"; };
		82606BC61DD7985800A9E8D8 /* ApiManager+Orders.swift */ = {isa = PBXFileReference; fileEncoding = 4; lastKnownFileType = sourcecode.swift; path = "ApiManager+Orders.swift"; sourceTree = "<group>"; };
		82606BC91DD7992C00A9E8D8 /* CurrentOrdersViewController.swift */ = {isa = PBXFileReference; fileEncoding = 4; lastKnownFileType = sourcecode.swift; path = CurrentOrdersViewController.swift; sourceTree = "<group>"; };
		82606BCD1DD7AA9700A9E8D8 /* OrderTableViewCell.swift */ = {isa = PBXFileReference; fileEncoding = 4; lastKnownFileType = sourcecode.swift; path = OrderTableViewCell.swift; sourceTree = "<group>"; };
		827BAC2B1DBF675200B50C2B /* MenuTableViewCell.swift */ = {isa = PBXFileReference; fileEncoding = 4; lastKnownFileType = sourcecode.swift; path = MenuTableViewCell.swift; sourceTree = "<group>"; };
		827BF85E1DAEAF4000054548 /* BaseViewController.swift */ = {isa = PBXFileReference; fileEncoding = 4; lastKnownFileType = sourcecode.swift; path = BaseViewController.swift; sourceTree = "<group>"; };
		827E8B031DD8C10E000A8EAE /* OrderDetailsViewController.swift */ = {isa = PBXFileReference; fileEncoding = 4; lastKnownFileType = sourcecode.swift; path = OrderDetailsViewController.swift; sourceTree = "<group>"; };
		827E8B061DD8DEC6000A8EAE /* Order.swift */ = {isa = PBXFileReference; fileEncoding = 4; lastKnownFileType = sourcecode.swift; path = Order.swift; sourceTree = "<group>"; };
		827E8B081DD8DEFB000A8EAE /* OrderDetails.swift */ = {isa = PBXFileReference; fileEncoding = 4; lastKnownFileType = sourcecode.swift; path = OrderDetails.swift; sourceTree = "<group>"; };
		827E8B0A1DD8E0B8000A8EAE /* OrderDetailsTableViewCell.swift */ = {isa = PBXFileReference; fileEncoding = 4; lastKnownFileType = sourcecode.swift; path = OrderDetailsTableViewCell.swift; sourceTree = "<group>"; };
		827E8B0D1DDB38CA000A8EAE /* DocumentsViewController.swift */ = {isa = PBXFileReference; fileEncoding = 4; lastKnownFileType = sourcecode.swift; path = DocumentsViewController.swift; sourceTree = "<group>"; };
		827E8B0F1DDB3A27000A8EAE /* DocumentsPageView.swift */ = {isa = PBXFileReference; fileEncoding = 4; lastKnownFileType = sourcecode.swift; path = DocumentsPageView.swift; sourceTree = "<group>"; };
		827E8B111DDB3A31000A8EAE /* DocumentsPageView.xib */ = {isa = PBXFileReference; fileEncoding = 4; lastKnownFileType = file.xib; path = DocumentsPageView.xib; sourceTree = "<group>"; };
		827E8B131DDB3ABF000A8EAE /* Document.swift */ = {isa = PBXFileReference; fileEncoding = 4; lastKnownFileType = sourcecode.swift; path = Document.swift; sourceTree = "<group>"; };
		827E8B151DDB4C47000A8EAE /* DocumentTableViewCell.swift */ = {isa = PBXFileReference; fileEncoding = 4; lastKnownFileType = sourcecode.swift; path = DocumentTableViewCell.swift; sourceTree = "<group>"; };
		827E8B171DDB4C50000A8EAE /* DocumentTableViewCell.xib */ = {isa = PBXFileReference; fileEncoding = 4; lastKnownFileType = file.xib; path = DocumentTableViewCell.xib; sourceTree = "<group>"; };
		827E8B191DDB535E000A8EAE /* ApiManager+Documents.swift */ = {isa = PBXFileReference; fileEncoding = 4; lastKnownFileType = sourcecode.swift; path = "ApiManager+Documents.swift"; sourceTree = "<group>"; };
		827E8B1B1DDB79CB000A8EAE /* DocumentTableViewHeader.swift */ = {isa = PBXFileReference; fileEncoding = 4; lastKnownFileType = sourcecode.swift; path = DocumentTableViewHeader.swift; sourceTree = "<group>"; };
		827E8B1D1DDB79D8000A8EAE /* DocumentTableViewHeader.xib */ = {isa = PBXFileReference; fileEncoding = 4; lastKnownFileType = file.xib; path = DocumentTableViewHeader.xib; sourceTree = "<group>"; };
		8299D36C1DAF8CC50088E550 /* MainViewControllerSegue.swift */ = {isa = PBXFileReference; fileEncoding = 4; lastKnownFileType = sourcecode.swift; path = MainViewControllerSegue.swift; sourceTree = "<group>"; };
		8299D36F1DAF8F110088E550 /* MenuViewController.swift */ = {isa = PBXFileReference; fileEncoding = 4; lastKnownFileType = sourcecode.swift; path = MenuViewController.swift; sourceTree = "<group>"; };
		8299D3711DAF926E0088E550 /* Constants.swift */ = {isa = PBXFileReference; fileEncoding = 4; lastKnownFileType = sourcecode.swift; path = Constants.swift; sourceTree = "<group>"; };
		8299D3731DAF99940088E550 /* FlowersViewController.swift */ = {isa = PBXFileReference; fileEncoding = 4; lastKnownFileType = sourcecode.swift; path = FlowersViewController.swift; sourceTree = "<group>"; };
		8299D3751DAF99B30088E550 /* CountriesViewController.swift */ = {isa = PBXFileReference; fileEncoding = 4; lastKnownFileType = sourcecode.swift; path = CountriesViewController.swift; sourceTree = "<group>"; };
		8299D3771DAF9A0D0088E550 /* MenuButtonHandler.swift */ = {isa = PBXFileReference; fileEncoding = 4; lastKnownFileType = sourcecode.swift; path = MenuButtonHandler.swift; sourceTree = "<group>"; };
		8299D3791DAF9A930088E550 /* MainViewController.swift */ = {isa = PBXFileReference; fileEncoding = 4; lastKnownFileType = sourcecode.swift; path = MainViewController.swift; sourceTree = "<group>"; };
		8299D37D1DB14E320088E550 /* ApiManager.swift */ = {isa = PBXFileReference; fileEncoding = 4; lastKnownFileType = sourcecode.swift; path = ApiManager.swift; sourceTree = "<group>"; };
		8299D3801DB151F00088E550 /* Flower.swift */ = {isa = PBXFileReference; fileEncoding = 4; lastKnownFileType = sourcecode.swift; path = Flower.swift; sourceTree = "<group>"; };
		8299D3831DB155960088E550 /* FlowerCollectionViewCell.swift */ = {isa = PBXFileReference; fileEncoding = 4; lastKnownFileType = sourcecode.swift; path = FlowerCollectionViewCell.swift; sourceTree = "<group>"; };
		8299D3891DB375AA0088E550 /* Color.swift */ = {isa = PBXFileReference; fileEncoding = 4; lastKnownFileType = sourcecode.swift; path = Color.swift; sourceTree = "<group>"; };
		8299D38B1DB376EE0088E550 /* ColorCollectionViewCell.swift */ = {isa = PBXFileReference; fileEncoding = 4; lastKnownFileType = sourcecode.swift; path = ColorCollectionViewCell.swift; sourceTree = "<group>"; };
		8299D38D1DB3BD5B0088E550 /* VarietiesViewController.swift */ = {isa = PBXFileReference; fileEncoding = 4; lastKnownFileType = sourcecode.swift; path = VarietiesViewController.swift; sourceTree = "<group>"; };
		8299D3911DB3BDFA0088E550 /* Variety.swift */ = {isa = PBXFileReference; fileEncoding = 4; lastKnownFileType = sourcecode.swift; path = Variety.swift; sourceTree = "<group>"; };
		8299D3951DB3C2BF0088E550 /* Utils.swift */ = {isa = PBXFileReference; fileEncoding = 4; lastKnownFileType = sourcecode.swift; path = Utils.swift; sourceTree = "<group>"; };
		8299D3971DB5041E0088E550 /* PageViewer.swift */ = {isa = PBXFileReference; fileEncoding = 4; lastKnownFileType = sourcecode.swift; path = PageViewer.swift; sourceTree = "<group>"; };
		8299D3A11DB622FA0088E550 /* HeaderPageViewerCollectionViewCell.swift */ = {isa = PBXFileReference; fileEncoding = 4; lastKnownFileType = sourcecode.swift; path = HeaderPageViewerCollectionViewCell.swift; sourceTree = "<group>"; };
		8299D3A31DB7BD000088E550 /* HeaderPageViewerHighlightView.swift */ = {isa = PBXFileReference; fileEncoding = 4; lastKnownFileType = sourcecode.swift; path = HeaderPageViewerHighlightView.swift; sourceTree = "<group>"; };
		8299D3A51DB8C6090088E550 /* PageViewerFlowLayout.swift */ = {isa = PBXFileReference; fileEncoding = 4; lastKnownFileType = sourcecode.swift; path = PageViewerFlowLayout.swift; sourceTree = "<group>"; };
		8299D3A71DB8CD940088E550 /* VarietiesPageView.swift */ = {isa = PBXFileReference; fileEncoding = 4; lastKnownFileType = sourcecode.swift; path = VarietiesPageView.swift; sourceTree = "<group>"; };
		8299D3A91DB8CF660088E550 /* ContentPageViewerCollectionViewCell.swift */ = {isa = PBXFileReference; fileEncoding = 4; lastKnownFileType = sourcecode.swift; path = ContentPageViewerCollectionViewCell.swift; sourceTree = "<group>"; };
		8299D3AB1DB8D2170088E550 /* VarietiesPageView.xib */ = {isa = PBXFileReference; fileEncoding = 4; lastKnownFileType = file.xib; path = VarietiesPageView.xib; sourceTree = "<group>"; };
		8299D3AD1DB8DFA90088E550 /* HeaderPageViewerCollectionViewCell.xib */ = {isa = PBXFileReference; fileEncoding = 4; lastKnownFileType = file.xib; path = HeaderPageViewerCollectionViewCell.xib; sourceTree = "<group>"; };
		8299D3AF1DB8E4240088E550 /* ContentPageViewerCollectionViewCell.xib */ = {isa = PBXFileReference; fileEncoding = 4; lastKnownFileType = file.xib; path = ContentPageViewerCollectionViewCell.xib; sourceTree = "<group>"; };
		8299D3B41DB903D50088E550 /* PageViewer.xib */ = {isa = PBXFileReference; fileEncoding = 4; lastKnownFileType = file.xib; path = PageViewer.xib; sourceTree = "<group>"; };
		8299D3B81DBBACD50088E550 /* RBHUD.swift */ = {isa = PBXFileReference; fileEncoding = 4; lastKnownFileType = sourcecode.swift; path = RBHUD.swift; sourceTree = "<group>"; };
		8299D3BB1DBBADD80088E550 /* VarietyDetailsViewController.swift */ = {isa = PBXFileReference; fileEncoding = 4; lastKnownFileType = sourcecode.swift; path = VarietyDetailsViewController.swift; sourceTree = "<group>"; };
		8299D3C11DBBAFBF0088E550 /* VarietyDetailsGeneralInfoView.swift */ = {isa = PBXFileReference; fileEncoding = 4; lastKnownFileType = sourcecode.swift; path = VarietyDetailsGeneralInfoView.swift; sourceTree = "<group>"; };
		8299D3C31DBBAFDC0088E550 /* VarietyDetailsPlantationsGrowersView.swift */ = {isa = PBXFileReference; fileEncoding = 4; lastKnownFileType = sourcecode.swift; path = VarietyDetailsPlantationsGrowersView.swift; sourceTree = "<group>"; };
		8299D3C51DBBAFF90088E550 /* VarietyDetailsSimilarVarietiesView.swift */ = {isa = PBXFileReference; fileEncoding = 4; lastKnownFileType = sourcecode.swift; path = VarietyDetailsSimilarVarietiesView.swift; sourceTree = "<group>"; };
		8299D3C71DBBB1150088E550 /* VarietyDetailsGeneralInfoView.xib */ = {isa = PBXFileReference; fileEncoding = 4; lastKnownFileType = file.xib; path = VarietyDetailsGeneralInfoView.xib; sourceTree = "<group>"; };
		8299D3C91DBBB11F0088E550 /* VarietyDetailsPlantationsGrowersView.xib */ = {isa = PBXFileReference; fileEncoding = 4; lastKnownFileType = file.xib; path = VarietyDetailsPlantationsGrowersView.xib; sourceTree = "<group>"; };
		8299D3CB1DBBB1360088E550 /* VarietyDetailsSimilarVarietiesView.xib */ = {isa = PBXFileReference; fileEncoding = 4; lastKnownFileType = file.xib; path = VarietyDetailsSimilarVarietiesView.xib; sourceTree = "<group>"; };
		8299D3CE1DBBDB160088E550 /* LoginViewController.swift */ = {isa = PBXFileReference; fileEncoding = 4; lastKnownFileType = sourcecode.swift; path = LoginViewController.swift; sourceTree = "<group>"; };
		8299D3D01DBBE36C0088E550 /* User.swift */ = {isa = PBXFileReference; fileEncoding = 4; lastKnownFileType = sourcecode.swift; path = User.swift; sourceTree = "<group>"; };
		8299D3D51DBBF5C30088E550 /* ApiManager+Authorization.swift */ = {isa = PBXFileReference; fileEncoding = 4; lastKnownFileType = sourcecode.swift; path = "ApiManager+Authorization.swift"; sourceTree = "<group>"; };
		8299D3D71DBCC17E0088E550 /* SimilarVarietyCollectionViewCell.swift */ = {isa = PBXFileReference; fileEncoding = 4; lastKnownFileType = sourcecode.swift; path = SimilarVarietyCollectionViewCell.swift; sourceTree = "<group>"; };
		8299D3D91DBCC1A30088E550 /* SimilarVarietyCollectionViewCell.xib */ = {isa = PBXFileReference; fileEncoding = 4; lastKnownFileType = file.xib; path = SimilarVarietyCollectionViewCell.xib; sourceTree = "<group>"; };
		82C059711DC60DDE00F061E6 /* ColorsViewController.swift */ = {isa = PBXFileReference; fileEncoding = 4; lastKnownFileType = sourcecode.swift; path = ColorsViewController.swift; sourceTree = "<group>"; };
		82C059731DC617D100F061E6 /* ColorsPageView.swift */ = {isa = PBXFileReference; fileEncoding = 4; lastKnownFileType = sourcecode.swift; path = ColorsPageView.swift; sourceTree = "<group>"; };
		82C059751DC619AD00F061E6 /* ColorsPageView.xib */ = {isa = PBXFileReference; fileEncoding = 4; lastKnownFileType = file.xib; path = ColorsPageView.xib; sourceTree = "<group>"; };
		82C059771DC623A300F061E6 /* ColorCollectionViewCell.xib */ = {isa = PBXFileReference; fileEncoding = 4; lastKnownFileType = file.xib; path = ColorCollectionViewCell.xib; sourceTree = "<group>"; };
		82C0597A1DC6449C00F061E6 /* VarietyCollectionViewCell.xib */ = {isa = PBXFileReference; fileEncoding = 4; lastKnownFileType = file.xib; path = VarietyCollectionViewCell.xib; sourceTree = "<group>"; };
		82C0597F1DC675E100F061E6 /* SettingsViewController.swift */ = {isa = PBXFileReference; fileEncoding = 4; lastKnownFileType = sourcecode.swift; path = SettingsViewController.swift; sourceTree = "<group>"; };
		82C059811DC6873F00F061E6 /* LanguagePickerViewCell.swift */ = {isa = PBXFileReference; fileEncoding = 4; lastKnownFileType = sourcecode.swift; path = LanguagePickerViewCell.swift; sourceTree = "<group>"; };
		82C059831DC6874E00F061E6 /* LanguagePickerViewCell.xib */ = {isa = PBXFileReference; fileEncoding = 4; lastKnownFileType = file.xib; path = LanguagePickerViewCell.xib; sourceTree = "<group>"; };
		82C059881DC68E3600F061E6 /* es */ = {isa = PBXFileReference; lastKnownFileType = text.plist.strings; name = es; path = es.lproj/LaunchScreen.strings; sourceTree = "<group>"; };
		82C059891DC68E3E00F061E6 /* ru */ = {isa = PBXFileReference; lastKnownFileType = text.plist.strings; name = ru; path = ru.lproj/LaunchScreen.strings; sourceTree = "<group>"; };
		82C0598D1DC68E5F00F061E6 /* Base */ = {isa = PBXFileReference; lastKnownFileType = text.plist.strings; name = Base; path = Base.lproj/Localizable.strings; sourceTree = "<group>"; };
		82C0598F1DC68E8E00F061E6 /* es */ = {isa = PBXFileReference; lastKnownFileType = text.plist.strings; name = es; path = es.lproj/Localizable.strings; sourceTree = "<group>"; };
		82C059901DC68E9000F061E6 /* ru */ = {isa = PBXFileReference; lastKnownFileType = text.plist.strings; name = ru; path = ru.lproj/Localizable.strings; sourceTree = "<group>"; };
		82C059921DC68ED000F061E6 /* LanguageManager.swift */ = {isa = PBXFileReference; fileEncoding = 4; lastKnownFileType = sourcecode.swift; path = LanguageManager.swift; sourceTree = "<group>"; };
		82C1C1D81DDDF6CA007F223E /* InvoiceDetailsViewController.swift */ = {isa = PBXFileReference; fileEncoding = 4; lastKnownFileType = sourcecode.swift; path = InvoiceDetailsViewController.swift; sourceTree = "<group>"; };
		82C1C1DA1DDDF981007F223E /* InvoiceDetailsGeneralViewPage.swift */ = {isa = PBXFileReference; fileEncoding = 4; lastKnownFileType = sourcecode.swift; path = InvoiceDetailsGeneralViewPage.swift; sourceTree = "<group>"; };
		82C1C1DC1DDDF98C007F223E /* InvoiceDetailsGeneralViewPage.xib */ = {isa = PBXFileReference; fileEncoding = 4; lastKnownFileType = file.xib; path = InvoiceDetailsGeneralViewPage.xib; sourceTree = "<group>"; };
		82C1C1DE1DDDFA37007F223E /* InvoiceDetailsGeneralTableViewCell.xib */ = {isa = PBXFileReference; fileEncoding = 4; lastKnownFileType = file.xib; path = InvoiceDetailsGeneralTableViewCell.xib; sourceTree = "<group>"; };
		82C1C1E01DDDFA4B007F223E /* InvoiceDetailsGeneralTableViewCell.swift */ = {isa = PBXFileReference; fileEncoding = 4; lastKnownFileType = sourcecode.swift; path = InvoiceDetailsGeneralTableViewCell.swift; sourceTree = "<group>"; };
		82C1C1E61DDDFE0A007F223E /* InvoiceDetails.swift */ = {isa = PBXFileReference; fileEncoding = 4; lastKnownFileType = sourcecode.swift; path = InvoiceDetails.swift; sourceTree = "<group>"; };
		82C1C1EA1DDF968C007F223E /* InvoiceDetailsGeneralHeaderTableViewCell.xib */ = {isa = PBXFileReference; fileEncoding = 4; lastKnownFileType = file.xib; path = InvoiceDetailsGeneralHeaderTableViewCell.xib; sourceTree = "<group>"; };
		82E5659D1DBCF775005F18F5 /* Plantation.swift */ = {isa = PBXFileReference; fileEncoding = 4; lastKnownFileType = sourcecode.swift; path = Plantation.swift; sourceTree = "<group>"; };
		82FBA1981DBFD393001CE265 /* VarietiesSearchViewController.swift */ = {isa = PBXFileReference; fileEncoding = 4; lastKnownFileType = sourcecode.swift; path = VarietiesSearchViewController.swift; sourceTree = "<group>"; };
		82FBA19A1DBFD437001CE265 /* VarietyCollectionViewCell.swift */ = {isa = PBXFileReference; fileEncoding = 4; lastKnownFileType = sourcecode.swift; path = VarietyCollectionViewCell.swift; sourceTree = "<group>"; };
		82FBA19D1DC0D007001CE265 /* VarietiesSearchAdditionalParametersView.xib */ = {isa = PBXFileReference; fileEncoding = 4; lastKnownFileType = file.xib; path = VarietiesSearchAdditionalParametersView.xib; sourceTree = "<group>"; };
		82FBA19F1DC0D017001CE265 /* VarietiesSearchAdditionalParametersView.swift */ = {isa = PBXFileReference; fileEncoding = 4; lastKnownFileType = sourcecode.swift; path = VarietiesSearchAdditionalParametersView.swift; sourceTree = "<group>"; };
		82FBA1A11DC0D73E001CE265 /* Breeder.swift */ = {isa = PBXFileReference; fileEncoding = 4; lastKnownFileType = sourcecode.swift; path = Breeder.swift; sourceTree = "<group>"; };
		82FBA1A61DC2797E001CE265 /* NSLayoutConstraint+ChangeMultiplier.swift */ = {isa = PBXFileReference; fileEncoding = 4; lastKnownFileType = sourcecode.swift; path = "NSLayoutConstraint+ChangeMultiplier.swift"; sourceTree = "<group>"; };
		82FBA1A81DC287C1001CE265 /* UIView+ConstraintByIdentifier.swift */ = {isa = PBXFileReference; fileEncoding = 4; lastKnownFileType = sourcecode.swift; path = "UIView+ConstraintByIdentifier.swift"; sourceTree = "<group>"; };
		82FBA1AA1DC28DEF001CE265 /* SearchAdditionalParametersTableViewCell.xib */ = {isa = PBXFileReference; fileEncoding = 4; lastKnownFileType = file.xib; path = SearchAdditionalParametersTableViewCell.xib; sourceTree = "<group>"; };
		82FBA1AC1DC3753A001CE265 /* SearchAdditionalParametersTableViewCell.swift */ = {isa = PBXFileReference; fileEncoding = 4; lastKnownFileType = sourcecode.swift; path = SearchAdditionalParametersTableViewCell.swift; sourceTree = "<group>"; };
		82FF96201DEDF1DD00A5BB70 /* VarietyImageCollectionViewCell.swift */ = {isa = PBXFileReference; fileEncoding = 4; lastKnownFileType = sourcecode.swift; path = VarietyImageCollectionViewCell.swift; sourceTree = "<group>"; };
		82FF96241DF0443E00A5BB70 /* ApiManager+Support.swift */ = {isa = PBXFileReference; fileEncoding = 4; lastKnownFileType = sourcecode.swift; path = "ApiManager+Support.swift"; sourceTree = "<group>"; };
		82FF96261DF0682E00A5BB70 /* RegistrationViewController.swift */ = {isa = PBXFileReference; fileEncoding = 4; lastKnownFileType = sourcecode.swift; path = RegistrationViewController.swift; sourceTree = "<group>"; };
		82FF96281DF0A4DF00A5BB70 /* ApiManager+Profile.swift */ = {isa = PBXFileReference; fileEncoding = 4; lastKnownFileType = sourcecode.swift; path = "ApiManager+Profile.swift"; sourceTree = "<group>"; };
		B5BB758AC21055E3F306CB97 /* Pods_DaoFlowers.framework */ = {isa = PBXFileReference; explicitFileType = wrapper.framework; includeInIndex = 0; path = Pods_DaoFlowers.framework; sourceTree = BUILT_PRODUCTS_DIR; };
		D506727F50AAD99682289838 /* Pods-DaoFlowers.debug.xcconfig */ = {isa = PBXFileReference; includeInIndex = 1; lastKnownFileType = text.xcconfig; name = "Pods-DaoFlowers.debug.xcconfig"; path = "Pods/Target Support Files/Pods-DaoFlowers/Pods-DaoFlowers.debug.xcconfig"; sourceTree = "<group>"; };
/* End PBXFileReference section */

/* Begin PBXFrameworksBuildPhase section */
		82457AC11DAEAA5900D87B21 /* Frameworks */ = {
			isa = PBXFrameworksBuildPhase;
			buildActionMask = 2147483647;
			files = (
				F81CBF2D8B89C452C874F6B5 /* Pods_DaoFlowers.framework in Frameworks */,
			);
			runOnlyForDeploymentPostprocessing = 0;
		};
/* End PBXFrameworksBuildPhase section */

/* Begin PBXGroup section */
		0F6A0ECB3DD6A855145C30AA /* Pods */ = {
			isa = PBXGroup;
			children = (
				D506727F50AAD99682289838 /* Pods-DaoFlowers.debug.xcconfig */,
				41BF2CE2A460955924CE8330 /* Pods-DaoFlowers.release.xcconfig */,
			);
			name = Pods;
			sourceTree = "<group>";
		};
		82457ABB1DAEAA5800D87B21 = {
			isa = PBXGroup;
			children = (
				82457AC61DAEAA5900D87B21 /* DaoFlowers */,
				82457AC51DAEAA5900D87B21 /* Products */,
				0F6A0ECB3DD6A855145C30AA /* Pods */,
				FAF5BFF843C063266E94F1E0 /* Frameworks */,
			);
			sourceTree = "<group>";
		};
		82457AC51DAEAA5900D87B21 /* Products */ = {
			isa = PBXGroup;
			children = (
				82457AC41DAEAA5900D87B21 /* DaoFlowers.app */,
			);
			name = Products;
			sourceTree = "<group>";
		};
		82457AC61DAEAA5900D87B21 /* DaoFlowers */ = {
			isa = PBXGroup;
			children = (
				8299D3B61DBBACB70088E550 /* Third Party */,
				82FBA1A51DC27945001CE265 /* Extensions */,
				82E5659C1DBCF637005F18F5 /* Core */,
				82C059911DC68EB200F061E6 /* Managers */,
				8299D37F1DB151E20088E550 /* Models */,
				8299D36E1DAF8EF30088E550 /* Views */,
				82457AC71DAEAA5900D87B21 /* AppDelegate.swift */,
				82457ACB1DAEAA5900D87B21 /* Main.storyboard */,
				82457AD11DAEAA5900D87B21 /* Assets.xcassets */,
				82457AD31DAEAA5900D87B21 /* LaunchScreen.storyboard */,
				82457AD61DAEAA5900D87B21 /* Info.plist */,
				82457ACE1DAEAA5900D87B21 /* DaoFlowers.xcdatamodeld */,
				8299D36C1DAF8CC50088E550 /* MainViewControllerSegue.swift */,
				82C0598C1DC68E4900F061E6 /* Localizable.strings */,
			);
			path = DaoFlowers;
			sourceTree = "<group>";
		};
		825369091DE0E70C00A17537 /* General */ = {
			isa = PBXGroup;
			children = (
				82C1C1DA1DDDF981007F223E /* InvoiceDetailsGeneralViewPage.swift */,
				82C1C1DC1DDDF98C007F223E /* InvoiceDetailsGeneralViewPage.xib */,
				82C1C1E01DDDFA4B007F223E /* InvoiceDetailsGeneralTableViewCell.swift */,
				82C1C1DE1DDDFA37007F223E /* InvoiceDetailsGeneralTableViewCell.xib */,
				8253690E1DE229DA00A17537 /* InvoiceDetailsGeneralLandscapeTableViewCell.xib */,
				82C1C1EA1DDF968C007F223E /* InvoiceDetailsGeneralHeaderTableViewCell.xib */,
				825369141DE33D7200A17537 /* InvoiceDetailsGeneralHeaderLandscapeTableViewCell.xib */,
				825369071DDF9BA700A17537 /* InvoiceDetailsGeneralTotalTableViewCell.xib */,
				825369121DE33BD700A17537 /* InvoiceDetailsGeneralTotalLandscapeTableViewCell.xib */,
				8253690A1DE0E73C00A17537 /* InvoiceDetailsGeneralFilterView.swift */,
				8253690C1DE0E74900A17537 /* InvoiceDetailsGeneralFilterView.xib */,
			);
			name = General;
			sourceTree = "<group>";
		};
		825369161DE3907A00A17537 /* Statistics */ = {
			isa = PBXGroup;
			children = (
				825369171DE390AC00A17537 /* InvoiceDetailsStatisticsViewPage.swift */,
				825369191DE390BF00A17537 /* InvoiceDetailsStatisticsViewPage.xib */,
				8253691B1DE3910B00A17537 /* InvoiceDetailsStatisticsTableViewCell.swift */,
				8253691D1DE44F8000A17537 /* InvoiceDetailsStatisticsTableViewCell.xib */,
				825369251DE6317E00A17537 /* InvoiceDetailsStatisticsTotalTableViewCell.xib */,
			);
			name = Statistics;
			sourceTree = "<group>";
		};
		825369271DE72D1C00A17537 /* Average Prices */ = {
			isa = PBXGroup;
			children = (
				825369281DE72D4900A17537 /* InvoiceDetailsAveragePricesViewPage.swift */,
				8253692A1DE72D7400A17537 /* InvoiceDetailsAveragePricesViewPage.xib */,
				8253692C1DE72DF100A17537 /* InvoiceDetailsAveragePricesTableViewCell.swift */,
				8253692E1DE72E0D00A17537 /* InvoiceDetailsAveragePricesSizeTableViewCell.xib */,
				825369301DE72E1C00A17537 /* InvoiceDetailsAveragePricesStemTableViewCell.xib */,
				825369321DE72E3900A17537 /* InvoiceDetailsAveragePricesTotalStemsTableViewCell.xib */,
			);
			name = "Average Prices";
			sourceTree = "<group>";
		};
		825369341DE7707D00A17537 /* Contacts */ = {
			isa = PBXGroup;
			children = (
				825369351DE770AC00A17537 /* ContactsViewController.swift */,
				825369371DE8BCFE00A17537 /* OrderCallbackViewController.swift */,
				825369391DE8BD2100A17537 /* SendCommentViewController.swift */,
				82FF96261DF0682E00A5BB70 /* RegistrationViewController.swift */,
			);
			name = Contacts;
			sourceTree = "<group>";
		};
		82606B9F1DCF820500A9E8D8 /* Countries */ = {
			isa = PBXGroup;
			children = (
				8299D3751DAF99B30088E550 /* CountriesViewController.swift */,
				82606BA01DCF824000A9E8D8 /* CountryCollectionViewCell.swift */,
			);
			name = Countries;
			sourceTree = "<group>";
		};
		82606BA21DCF8FEC00A9E8D8 /* Plantations */ = {
			isa = PBXGroup;
			children = (
				82606BAD1DD1F45A00A9E8D8 /* Search */,
				82606BA31DCF900D00A9E8D8 /* PlantationsViewController.swift */,
				82606BA51DCFA55200A9E8D8 /* PlantationsPageView.swift */,
				82606BA71DCFA56900A9E8D8 /* PlantationsPageView.xib */,
				82606BAB1DCFC35C00A9E8D8 /* PlantationCollectionViewCell.swift */,
				82606BA91DCFC34300A9E8D8 /* PlantationCollectionViewCell.xib */,
			);
			name = Plantations;
			sourceTree = "<group>";
		};
		82606BAD1DD1F45A00A9E8D8 /* Search */ = {
			isa = PBXGroup;
			children = (
				82606BAE1DD1F48C00A9E8D8 /* PlantationsSearchViewController.swift */,
				82606BB21DD201EC00A9E8D8 /* PlantationsSearchAdditionalParametersView.swift */,
				82606BB41DD2631C00A9E8D8 /* PlantationsSearchAdditionalParametersView.xib */,
			);
			name = Search;
			sourceTree = "<group>";
		};
		82606BB61DD3834A00A9E8D8 /* Plantation Details */ = {
			isa = PBXGroup;
			children = (
				82606BB71DD383A600A9E8D8 /* PlantationDetailsViewController.swift */,
				82606BBB1DD3A9DF00A9E8D8 /* VarietiesByPlantationPageView.swift */,
				82606BBD1DD3A9EB00A9E8D8 /* VarietiesByPlantationPageView.xib */,
			);
			name = "Plantation Details";
			sourceTree = "<group>";
		};
		82606BC11DD76F7900A9E8D8 /* Hints */ = {
			isa = PBXGroup;
			children = (
				82606BC41DD770C800A9E8D8 /* AHintView.swift */,
				82606BC21DD76FAB00A9E8D8 /* VarietiesListHintView.xib */,
				8253693B1DEB7A8900A17537 /* ProductivityHintView.xib */,
				8253693D1DECAF4700A17537 /* BreederHintView.xib */,
				8253693F1DECB07D00A17537 /* VarietyByFarmsHintView.xib */,
				825369411DECB49E00A17537 /* FulfillmentHintView.xib */,
			);
			name = Hints;
			sourceTree = "<group>";
		};
		82606BC81DD7990E00A9E8D8 /* Current Orders */ = {
			isa = PBXGroup;
			children = (
				82606BC91DD7992C00A9E8D8 /* CurrentOrdersViewController.swift */,
				82606BCD1DD7AA9700A9E8D8 /* OrderTableViewCell.swift */,
				827E8B031DD8C10E000A8EAE /* OrderDetailsViewController.swift */,
				827E8B0A1DD8E0B8000A8EAE /* OrderDetailsTableViewCell.swift */,
			);
			name = "Current Orders";
			sourceTree = "<group>";
		};
		827BAC2A1DBF672A00B50C2B /* Menu */ = {
			isa = PBXGroup;
			children = (
				8299D3771DAF9A0D0088E550 /* MenuButtonHandler.swift */,
				8299D36F1DAF8F110088E550 /* MenuViewController.swift */,
				827BAC2B1DBF675200B50C2B /* MenuTableViewCell.swift */,
			);
			name = Menu;
			sourceTree = "<group>";
		};
		827E8B0C1DDB38AB000A8EAE /* Documents */ = {
			isa = PBXGroup;
			children = (
				827E8B0D1DDB38CA000A8EAE /* DocumentsViewController.swift */,
				827E8B0F1DDB3A27000A8EAE /* DocumentsPageView.swift */,
				827E8B111DDB3A31000A8EAE /* DocumentsPageView.xib */,
				827E8B151DDB4C47000A8EAE /* DocumentTableViewCell.swift */,
				827E8B171DDB4C50000A8EAE /* DocumentTableViewCell.xib */,
				827E8B1B1DDB79CB000A8EAE /* DocumentTableViewHeader.swift */,
				827E8B1D1DDB79D8000A8EAE /* DocumentTableViewHeader.xib */,
				82C1C1D71DDDF6B4007F223E /* Invoice Details */,
			);
			name = Documents;
			sourceTree = "<group>";
		};
		828189011DBD435F0064F906 /* General Info */ = {
			isa = PBXGroup;
			children = (
				8299D3C11DBBAFBF0088E550 /* VarietyDetailsGeneralInfoView.swift */,
				8299D3C71DBBB1150088E550 /* VarietyDetailsGeneralInfoView.xib */,
				822C1ED21DBE375600A8A761 /* VarietyDetailsGeneralInfoCollectionViewCell.swift */,
				822C1ED41DBE37A500A8A761 /* VarietyDetailsGeneralInfoCollectionViewCell.xib */,
				825369431DED8C2E00A17537 /* VarietyImageViewerViewController.swift */,
				82FF96201DEDF1DD00A5BB70 /* VarietyImageCollectionViewCell.swift */,
			);
			name = "General Info";
			sourceTree = "<group>";
		};
		8299D36E1DAF8EF30088E550 /* Views */ = {
			isa = PBXGroup;
			children = (
				82606BC11DD76F7900A9E8D8 /* Hints */,
				82C0597E1DC675BC00F061E6 /* Main */,
				827BAC2A1DBF672A00B50C2B /* Menu */,
				8299D3991DB504600088E550 /* PageViewer */,
				8299D3821DB155560088E550 /* Varieties */,
				82C0597D1DC675AF00F061E6 /* Plantations */,
				82606BC81DD7990E00A9E8D8 /* Current Orders */,
				827E8B0C1DDB38AB000A8EAE /* Documents */,
				8299D3CD1DBBDB020088E550 /* Login */,
				825369341DE7707D00A17537 /* Contacts */,
				82C0597C1DC675A000F061E6 /* Settings */,
			);
			name = Views;
			sourceTree = "<group>";
		};
		8299D37F1DB151E20088E550 /* Models */ = {
			isa = PBXGroup;
			children = (
				8299D3801DB151F00088E550 /* Flower.swift */,
				8299D3891DB375AA0088E550 /* Color.swift */,
				8299D3911DB3BDFA0088E550 /* Variety.swift */,
				8299D3D01DBBE36C0088E550 /* User.swift */,
				82E5659D1DBCF775005F18F5 /* Plantation.swift */,
				82FBA1A11DC0D73E001CE265 /* Breeder.swift */,
				82606B9D1DCF7F8800A9E8D8 /* Country.swift */,
				827E8B061DD8DEC6000A8EAE /* Order.swift */,
				827E8B081DD8DEFB000A8EAE /* OrderDetails.swift */,
				827E8B131DDB3ABF000A8EAE /* Document.swift */,
				82C1C1E61DDDFE0A007F223E /* InvoiceDetails.swift */,
			);
			name = Models;
			sourceTree = "<group>";
		};
		8299D3821DB155560088E550 /* Varieties */ = {
			isa = PBXGroup;
			children = (
				82C059791DC6251400F061E6 /* Flowers */,
				82C059701DC60D9C00F061E6 /* Colors */,
				8299D3B11DB8FBB20088E550 /* Varieties */,
			);
			name = Varieties;
			sourceTree = "<group>";
		};
		8299D3991DB504600088E550 /* PageViewer */ = {
			isa = PBXGroup;
			children = (
				8299D3971DB5041E0088E550 /* PageViewer.swift */,
				8299D3B41DB903D50088E550 /* PageViewer.xib */,
				8299D3A51DB8C6090088E550 /* PageViewerFlowLayout.swift */,
				8299D3A11DB622FA0088E550 /* HeaderPageViewerCollectionViewCell.swift */,
				8299D3AD1DB8DFA90088E550 /* HeaderPageViewerCollectionViewCell.xib */,
				8299D3A31DB7BD000088E550 /* HeaderPageViewerHighlightView.swift */,
				8299D3A91DB8CF660088E550 /* ContentPageViewerCollectionViewCell.swift */,
				8299D3AF1DB8E4240088E550 /* ContentPageViewerCollectionViewCell.xib */,
			);
			name = PageViewer;
			sourceTree = "<group>";
		};
		8299D3B11DB8FBB20088E550 /* Varieties */ = {
			isa = PBXGroup;
			children = (
				82FBA19C1DC0CFCC001CE265 /* Search */,
				8299D38D1DB3BD5B0088E550 /* VarietiesViewController.swift */,
				8299D3A71DB8CD940088E550 /* VarietiesPageView.swift */,
				8299D3AB1DB8D2170088E550 /* VarietiesPageView.xib */,
				82FBA19A1DBFD437001CE265 /* VarietyCollectionViewCell.swift */,
				82C0597A1DC6449C00F061E6 /* VarietyCollectionViewCell.xib */,
				8299D3BA1DBBADB90088E550 /* Variety Details */,
			);
			name = Varieties;
			sourceTree = "<group>";
		};
		8299D3B61DBBACB70088E550 /* Third Party */ = {
			isa = PBXGroup;
			children = (
				8299D3B71DBBACBF0088E550 /* RBHUD */,
			);
			name = "Third Party";
			sourceTree = "<group>";
		};
		8299D3B71DBBACBF0088E550 /* RBHUD */ = {
			isa = PBXGroup;
			children = (
				8299D3B81DBBACD50088E550 /* RBHUD.swift */,
			);
			name = RBHUD;
			sourceTree = "<group>";
		};
		8299D3BA1DBBADB90088E550 /* Variety Details */ = {
			isa = PBXGroup;
			children = (
				8299D3BB1DBBADD80088E550 /* VarietyDetailsViewController.swift */,
				828189011DBD435F0064F906 /* General Info */,
				8299D3DB1DBCE0E30088E550 /* Plantations Growers */,
				8299D3D21DBBF1440088E550 /* Similar Varieties */,
			);
			name = "Variety Details";
			sourceTree = "<group>";
		};
		8299D3CD1DBBDB020088E550 /* Login */ = {
			isa = PBXGroup;
			children = (
				8299D3CE1DBBDB160088E550 /* LoginViewController.swift */,
			);
			name = Login;
			sourceTree = "<group>";
		};
		8299D3D21DBBF1440088E550 /* Similar Varieties */ = {
			isa = PBXGroup;
			children = (
				8299D3C51DBBAFF90088E550 /* VarietyDetailsSimilarVarietiesView.swift */,
				8299D3CB1DBBB1360088E550 /* VarietyDetailsSimilarVarietiesView.xib */,
				8299D3D71DBCC17E0088E550 /* SimilarVarietyCollectionViewCell.swift */,
				8299D3D91DBCC1A30088E550 /* SimilarVarietyCollectionViewCell.xib */,
			);
			name = "Similar Varieties";
			sourceTree = "<group>";
		};
		8299D3DB1DBCE0E30088E550 /* Plantations Growers */ = {
			isa = PBXGroup;
			children = (
				8299D3C31DBBAFDC0088E550 /* VarietyDetailsPlantationsGrowersView.swift */,
				8299D3C91DBBB11F0088E550 /* VarietyDetailsPlantationsGrowersView.xib */,
			);
			name = "Plantations Growers";
			sourceTree = "<group>";
		};
		82C059701DC60D9C00F061E6 /* Colors */ = {
			isa = PBXGroup;
			children = (
				82C059711DC60DDE00F061E6 /* ColorsViewController.swift */,
				82C059731DC617D100F061E6 /* ColorsPageView.swift */,
				82C059751DC619AD00F061E6 /* ColorsPageView.xib */,
				8299D38B1DB376EE0088E550 /* ColorCollectionViewCell.swift */,
				82C059771DC623A300F061E6 /* ColorCollectionViewCell.xib */,
			);
			name = Colors;
			sourceTree = "<group>";
		};
		82C059791DC6251400F061E6 /* Flowers */ = {
			isa = PBXGroup;
			children = (
				8299D3731DAF99940088E550 /* FlowersViewController.swift */,
				8299D3831DB155960088E550 /* FlowerCollectionViewCell.swift */,
			);
			name = Flowers;
			sourceTree = "<group>";
		};
		82C0597C1DC675A000F061E6 /* Settings */ = {
			isa = PBXGroup;
			children = (
				82C0597F1DC675E100F061E6 /* SettingsViewController.swift */,
				82C059811DC6873F00F061E6 /* LanguagePickerViewCell.swift */,
				82C059831DC6874E00F061E6 /* LanguagePickerViewCell.xib */,
			);
			name = Settings;
			sourceTree = "<group>";
		};
		82C0597D1DC675AF00F061E6 /* Plantations */ = {
			isa = PBXGroup;
			children = (
				82606B9F1DCF820500A9E8D8 /* Countries */,
				82606BA21DCF8FEC00A9E8D8 /* Plantations */,
				82606BB61DD3834A00A9E8D8 /* Plantation Details */,
			);
			name = Plantations;
			sourceTree = "<group>";
		};
		82C0597E1DC675BC00F061E6 /* Main */ = {
			isa = PBXGroup;
			children = (
				827BF85E1DAEAF4000054548 /* BaseViewController.swift */,
				8299D3791DAF9A930088E550 /* MainViewController.swift */,
			);
			name = Main;
			sourceTree = "<group>";
		};
		82C059911DC68EB200F061E6 /* Managers */ = {
			isa = PBXGroup;
			children = (
				8299D37D1DB14E320088E550 /* ApiManager.swift */,
				8299D3D51DBBF5C30088E550 /* ApiManager+Authorization.swift */,
				82606BB01DD1FF9500A9E8D8 /* ApiManager+Plantations.swift */,
				82606BC61DD7985800A9E8D8 /* ApiManager+Orders.swift */,
				827E8B191DDB535E000A8EAE /* ApiManager+Documents.swift */,
				82FF96241DF0443E00A5BB70 /* ApiManager+Support.swift */,
				82FF96281DF0A4DF00A5BB70 /* ApiManager+Profile.swift */,
				82C059921DC68ED000F061E6 /* LanguageManager.swift */,
			);
			name = Managers;
			sourceTree = "<group>";
		};
		82C1C1D71DDDF6B4007F223E /* Invoice Details */ = {
			isa = PBXGroup;
			children = (
				82C1C1D81DDDF6CA007F223E /* InvoiceDetailsViewController.swift */,
				825369091DE0E70C00A17537 /* General */,
				825369271DE72D1C00A17537 /* Average Prices */,
				825369161DE3907A00A17537 /* Statistics */,
			);
			name = "Invoice Details";
			sourceTree = "<group>";
		};
		82E5659C1DBCF637005F18F5 /* Core */ = {
			isa = PBXGroup;
			children = (
				8299D3711DAF926E0088E550 /* Constants.swift */,
				8299D3951DB3C2BF0088E550 /* Utils.swift */,
			);
			name = Core;
			sourceTree = "<group>";
		};
		82FBA19C1DC0CFCC001CE265 /* Search */ = {
			isa = PBXGroup;
			children = (
				82FBA1981DBFD393001CE265 /* VarietiesSearchViewController.swift */,
				82FBA19F1DC0D017001CE265 /* VarietiesSearchAdditionalParametersView.swift */,
				82FBA19D1DC0D007001CE265 /* VarietiesSearchAdditionalParametersView.xib */,
				82FBA1AC1DC3753A001CE265 /* SearchAdditionalParametersTableViewCell.swift */,
				82FBA1AA1DC28DEF001CE265 /* SearchAdditionalParametersTableViewCell.xib */,
			);
			name = Search;
			sourceTree = "<group>";
		};
		82FBA1A51DC27945001CE265 /* Extensions */ = {
			isa = PBXGroup;
			children = (
				82FBA1A61DC2797E001CE265 /* NSLayoutConstraint+ChangeMultiplier.swift */,
				82FBA1A81DC287C1001CE265 /* UIView+ConstraintByIdentifier.swift */,
			);
			name = Extensions;
			sourceTree = "<group>";
		};
		FAF5BFF843C063266E94F1E0 /* Frameworks */ = {
			isa = PBXGroup;
			children = (
				B5BB758AC21055E3F306CB97 /* Pods_DaoFlowers.framework */,
			);
			name = Frameworks;
			sourceTree = "<group>";
		};
/* End PBXGroup section */

/* Begin PBXNativeTarget section */
		82457AC31DAEAA5900D87B21 /* DaoFlowers */ = {
			isa = PBXNativeTarget;
			buildConfigurationList = 82457AD91DAEAA5900D87B21 /* Build configuration list for PBXNativeTarget "DaoFlowers" */;
			buildPhases = (
				3AA3BD4E544A621E2FF0B294 /* [CP] Check Pods Manifest.lock */,
				82457AC01DAEAA5900D87B21 /* Sources */,
				82457AC11DAEAA5900D87B21 /* Frameworks */,
				82457AC21DAEAA5900D87B21 /* Resources */,
				AFD0B909EEB786CF4E7EE89F /* [CP] Embed Pods Frameworks */,
				58642D9C2A07BE676B6F032E /* [CP] Copy Pods Resources */,
			);
			buildRules = (
			);
			dependencies = (
			);
			name = DaoFlowers;
			productName = DaoFlowers;
			productReference = 82457AC41DAEAA5900D87B21 /* DaoFlowers.app */;
			productType = "com.apple.product-type.application";
		};
/* End PBXNativeTarget section */

/* Begin PBXProject section */
		82457ABC1DAEAA5800D87B21 /* Project object */ = {
			isa = PBXProject;
			attributes = {
				LastSwiftUpdateCheck = 0730;
				LastUpgradeCheck = 0730;
				ORGANIZATIONNAME = "Dao Flowers";
				TargetAttributes = {
					82457AC31DAEAA5900D87B21 = {
						CreatedOnToolsVersion = 7.3.1;
					};
				};
			};
			buildConfigurationList = 82457ABF1DAEAA5900D87B21 /* Build configuration list for PBXProject "DaoFlowers" */;
			compatibilityVersion = "Xcode 3.2";
			developmentRegion = English;
			hasScannedForEncodings = 0;
			knownRegions = (
				en,
				Base,
				ru,
				es,
			);
			mainGroup = 82457ABB1DAEAA5800D87B21;
			productRefGroup = 82457AC51DAEAA5900D87B21 /* Products */;
			projectDirPath = "";
			projectRoot = "";
			targets = (
				82457AC31DAEAA5900D87B21 /* DaoFlowers */,
			);
		};
/* End PBXProject section */

/* Begin PBXResourcesBuildPhase section */
		82457AC21DAEAA5900D87B21 /* Resources */ = {
			isa = PBXResourcesBuildPhase;
			buildActionMask = 2147483647;
			files = (
				827E8B181DDB4C50000A8EAE /* DocumentTableViewCell.xib in Resources */,
				8253690F1DE229DA00A17537 /* InvoiceDetailsGeneralLandscapeTableViewCell.xib in Resources */,
				82C1C1DD1DDDF98C007F223E /* InvoiceDetailsGeneralViewPage.xib in Resources */,
				82C059841DC6874E00F061E6 /* LanguagePickerViewCell.xib in Resources */,
				825369261DE6317E00A17537 /* InvoiceDetailsStatisticsTotalTableViewCell.xib in Resources */,
				8253693C1DEB7A8900A17537 /* ProductivityHintView.xib in Resources */,
				8253693E1DECAF4700A17537 /* BreederHintView.xib in Resources */,
				8299D3CA1DBBB11F0088E550 /* VarietyDetailsPlantationsGrowersView.xib in Resources */,
				827E8B1E1DDB79D8000A8EAE /* DocumentTableViewHeader.xib in Resources */,
				825369131DE33BD700A17537 /* InvoiceDetailsGeneralTotalLandscapeTableViewCell.xib in Resources */,
				82606BC31DD76FAB00A9E8D8 /* VarietiesListHintView.xib in Resources */,
				8299D3CC1DBBB1360088E550 /* VarietyDetailsSimilarVarietiesView.xib in Resources */,
				8253691E1DE44F8000A17537 /* InvoiceDetailsStatisticsTableViewCell.xib in Resources */,
				82457AD51DAEAA5900D87B21 /* LaunchScreen.storyboard in Resources */,
				82C0598A1DC68E4900F061E6 /* Localizable.strings in Resources */,
				82457AD21DAEAA5900D87B21 /* Assets.xcassets in Resources */,
				825369421DECB49E00A17537 /* FulfillmentHintView.xib in Resources */,
				82C1C1DF1DDDFA37007F223E /* InvoiceDetailsGeneralTableViewCell.xib in Resources */,
				8253691A1DE390BF00A17537 /* InvoiceDetailsStatisticsViewPage.xib in Resources */,
				8299D3AC1DB8D2170088E550 /* VarietiesPageView.xib in Resources */,
				8253690D1DE0E74900A17537 /* InvoiceDetailsGeneralFilterView.xib in Resources */,
				82C0597B1DC6449C00F061E6 /* VarietyCollectionViewCell.xib in Resources */,
				8253692F1DE72E0D00A17537 /* InvoiceDetailsAveragePricesSizeTableViewCell.xib in Resources */,
				8253692B1DE72D7400A17537 /* InvoiceDetailsAveragePricesViewPage.xib in Resources */,
				8299D3DA1DBCC1A30088E550 /* SimilarVarietyCollectionViewCell.xib in Resources */,
				82FBA1AB1DC28DEF001CE265 /* SearchAdditionalParametersTableViewCell.xib in Resources */,
				82606BA81DCFA56900A9E8D8 /* PlantationsPageView.xib in Resources */,
				82FBA19E1DC0D007001CE265 /* VarietiesSearchAdditionalParametersView.xib in Resources */,
				8299D3C81DBBB1150088E550 /* VarietyDetailsGeneralInfoView.xib in Resources */,
				825369151DE33D7200A17537 /* InvoiceDetailsGeneralHeaderLandscapeTableViewCell.xib in Resources */,
				82C059781DC623A300F061E6 /* ColorCollectionViewCell.xib in Resources */,
				825369331DE72E3900A17537 /* InvoiceDetailsAveragePricesTotalStemsTableViewCell.xib in Resources */,
				825369081DDF9BA700A17537 /* InvoiceDetailsGeneralTotalTableViewCell.xib in Resources */,
				8299D3B01DB8E4240088E550 /* ContentPageViewerCollectionViewCell.xib in Resources */,
				82606BAA1DCFC34300A9E8D8 /* PlantationCollectionViewCell.xib in Resources */,
				82606BBE1DD3A9EB00A9E8D8 /* VarietiesByPlantationPageView.xib in Resources */,
				82606BB51DD2631C00A9E8D8 /* PlantationsSearchAdditionalParametersView.xib in Resources */,
				825369401DECB07D00A17537 /* VarietyByFarmsHintView.xib in Resources */,
				82457ACD1DAEAA5900D87B21 /* Main.storyboard in Resources */,
				825369311DE72E1C00A17537 /* InvoiceDetailsAveragePricesStemTableViewCell.xib in Resources */,
				82C1C1EB1DDF968C007F223E /* InvoiceDetailsGeneralHeaderTableViewCell.xib in Resources */,
				8299D3AE1DB8DFA90088E550 /* HeaderPageViewerCollectionViewCell.xib in Resources */,
				827E8B121DDB3A31000A8EAE /* DocumentsPageView.xib in Resources */,
				822C1ED51DBE37A500A8A761 /* VarietyDetailsGeneralInfoCollectionViewCell.xib in Resources */,
				8299D3B51DB903D50088E550 /* PageViewer.xib in Resources */,
				82C059761DC619AD00F061E6 /* ColorsPageView.xib in Resources */,
			);
			runOnlyForDeploymentPostprocessing = 0;
		};
/* End PBXResourcesBuildPhase section */

/* Begin PBXShellScriptBuildPhase section */
		3AA3BD4E544A621E2FF0B294 /* [CP] Check Pods Manifest.lock */ = {
			isa = PBXShellScriptBuildPhase;
			buildActionMask = 2147483647;
			files = (
			);
			inputPaths = (
			);
			name = "[CP] Check Pods Manifest.lock";
			outputPaths = (
			);
			runOnlyForDeploymentPostprocessing = 0;
			shellPath = /bin/sh;
			shellScript = "diff \"${PODS_ROOT}/../Podfile.lock\" \"${PODS_ROOT}/Manifest.lock\" > /dev/null\nif [[ $? != 0 ]] ; then\n    cat << EOM\nerror: The sandbox is not in sync with the Podfile.lock. Run 'pod install' or update your CocoaPods installation.\nEOM\n    exit 1\nfi\n";
			showEnvVarsInLog = 0;
		};
		58642D9C2A07BE676B6F032E /* [CP] Copy Pods Resources */ = {
			isa = PBXShellScriptBuildPhase;
			buildActionMask = 2147483647;
			files = (
			);
			inputPaths = (
			);
			name = "[CP] Copy Pods Resources";
			outputPaths = (
			);
			runOnlyForDeploymentPostprocessing = 0;
			shellPath = /bin/sh;
			shellScript = "\"${SRCROOT}/Pods/Target Support Files/Pods-DaoFlowers/Pods-DaoFlowers-resources.sh\"\n";
			showEnvVarsInLog = 0;
		};
		AFD0B909EEB786CF4E7EE89F /* [CP] Embed Pods Frameworks */ = {
			isa = PBXShellScriptBuildPhase;
			buildActionMask = 2147483647;
			files = (
			);
			inputPaths = (
			);
			name = "[CP] Embed Pods Frameworks";
			outputPaths = (
			);
			runOnlyForDeploymentPostprocessing = 0;
			shellPath = /bin/sh;
			shellScript = "\"${SRCROOT}/Pods/Target Support Files/Pods-DaoFlowers/Pods-DaoFlowers-frameworks.sh\"\n";
			showEnvVarsInLog = 0;
		};
/* End PBXShellScriptBuildPhase section */

/* Begin PBXSourcesBuildPhase section */
		82457AC01DAEAA5900D87B21 /* Sources */ = {
			isa = PBXSourcesBuildPhase;
			buildActionMask = 2147483647;
			files = (
				8299D3CF1DBBDB160088E550 /* LoginViewController.swift in Sources */,
				8299D38C1DB376EE0088E550 /* ColorCollectionViewCell.swift in Sources */,
				82457AD01DAEAA5900D87B21 /* DaoFlowers.xcdatamodeld in Sources */,
				8299D3701DAF8F110088E550 /* MenuViewController.swift in Sources */,
				8299D3AA1DB8CF660088E550 /* ContentPageViewerCollectionViewCell.swift in Sources */,
				82FBA1991DBFD393001CE265 /* VarietiesSearchViewController.swift in Sources */,
				8299D3C61DBBAFF90088E550 /* VarietyDetailsSimilarVarietiesView.swift in Sources */,
				82C1C1DB1DDDF981007F223E /* InvoiceDetailsGeneralViewPage.swift in Sources */,
				8299D3A81DB8CD940088E550 /* VarietiesPageView.swift in Sources */,
				822C1ED31DBE375600A8A761 /* VarietyDetailsGeneralInfoCollectionViewCell.swift in Sources */,
				8299D3981DB5041E0088E550 /* PageViewer.swift in Sources */,
				8299D3811DB151F00088E550 /* Flower.swift in Sources */,
				8299D3B91DBBACD50088E550 /* RBHUD.swift in Sources */,
				82E5659E1DBCF775005F18F5 /* Plantation.swift in Sources */,
				825369291DE72D4900A17537 /* InvoiceDetailsAveragePricesViewPage.swift in Sources */,
				82FBA1A71DC2797E001CE265 /* NSLayoutConstraint+ChangeMultiplier.swift in Sources */,
				8299D3D81DBCC17E0088E550 /* SimilarVarietyCollectionViewCell.swift in Sources */,
				82606BC51DD770C800A9E8D8 /* AHintView.swift in Sources */,
				827E8B161DDB4C47000A8EAE /* DocumentTableViewCell.swift in Sources */,
				8299D3781DAF9A0D0088E550 /* MenuButtonHandler.swift in Sources */,
				8253693A1DE8BD2100A17537 /* SendCommentViewController.swift in Sources */,
				8299D3C21DBBAFBF0088E550 /* VarietyDetailsGeneralInfoView.swift in Sources */,
				82FF96291DF0A4DF00A5BB70 /* ApiManager+Profile.swift in Sources */,
				8299D3741DAF99940088E550 /* FlowersViewController.swift in Sources */,
				82FBA19B1DBFD437001CE265 /* VarietyCollectionViewCell.swift in Sources */,
				827E8B141DDB3ABF000A8EAE /* Document.swift in Sources */,
				82FF96251DF0443E00A5BB70 /* ApiManager+Support.swift in Sources */,
				82606BB31DD201EC00A9E8D8 /* PlantationsSearchAdditionalParametersView.swift in Sources */,
				827E8B0E1DDB38CA000A8EAE /* DocumentsViewController.swift in Sources */,
				8299D38A1DB375AA0088E550 /* Color.swift in Sources */,
				82FBA1AD1DC3753A001CE265 /* SearchAdditionalParametersTableViewCell.swift in Sources */,
				82606BCA1DD7992C00A9E8D8 /* CurrentOrdersViewController.swift in Sources */,
				825369361DE770AC00A17537 /* ContactsViewController.swift in Sources */,
				825369381DE8BCFE00A17537 /* OrderCallbackViewController.swift in Sources */,
				827E8B1C1DDB79CB000A8EAE /* DocumentTableViewHeader.swift in Sources */,
				8299D38E1DB3BD5B0088E550 /* VarietiesViewController.swift in Sources */,
				8299D3BC1DBBADD80088E550 /* VarietyDetailsViewController.swift in Sources */,
				82606BB81DD383A600A9E8D8 /* PlantationDetailsViewController.swift in Sources */,
				82C059801DC675E100F061E6 /* SettingsViewController.swift in Sources */,
				8299D3A41DB7BD000088E550 /* HeaderPageViewerHighlightView.swift in Sources */,
				82457AC81DAEAA5900D87B21 /* AppDelegate.swift in Sources */,
				82C059741DC617D100F061E6 /* ColorsPageView.swift in Sources */,
				8299D3841DB155960088E550 /* FlowerCollectionViewCell.swift in Sources */,
				82FBA1A91DC287C1001CE265 /* UIView+ConstraintByIdentifier.swift in Sources */,
				8253692D1DE72DF100A17537 /* InvoiceDetailsAveragePricesTableViewCell.swift in Sources */,
				82606BBC1DD3A9DF00A9E8D8 /* VarietiesByPlantationPageView.swift in Sources */,
				82606BA11DCF824000A9E8D8 /* CountryCollectionViewCell.swift in Sources */,
				82C059931DC68ED000F061E6 /* LanguageManager.swift in Sources */,
				82606BA61DCFA55200A9E8D8 /* PlantationsPageView.swift in Sources */,
				82FF96211DEDF1DD00A5BB70 /* VarietyImageCollectionViewCell.swift in Sources */,
				8299D3D11DBBE36C0088E550 /* User.swift in Sources */,
				827BF85F1DAEAF4000054548 /* BaseViewController.swift in Sources */,
				82C1C1D91DDDF6CA007F223E /* InvoiceDetailsViewController.swift in Sources */,
				827E8B0B1DD8E0B8000A8EAE /* OrderDetailsTableViewCell.swift in Sources */,
				82606BAF1DD1F48C00A9E8D8 /* PlantationsSearchViewController.swift in Sources */,
				82C1C1E71DDDFE0A007F223E /* InvoiceDetails.swift in Sources */,
				8299D3A21DB622FA0088E550 /* HeaderPageViewerCollectionViewCell.swift in Sources */,
				8299D3C41DBBAFDC0088E550 /* VarietyDetailsPlantationsGrowersView.swift in Sources */,
				8299D37E1DB14E320088E550 /* ApiManager.swift in Sources */,
				82FF96271DF0682E00A5BB70 /* RegistrationViewController.swift in Sources */,
				82FBA1A21DC0D73E001CE265 /* Breeder.swift in Sources */,
				82606BB11DD1FF9500A9E8D8 /* ApiManager+Plantations.swift in Sources */,
				8299D36D1DAF8CC50088E550 /* MainViewControllerSegue.swift in Sources */,
				82FBA1A01DC0D017001CE265 /* VarietiesSearchAdditionalParametersView.swift in Sources */,
				825369181DE390AC00A17537 /* InvoiceDetailsStatisticsViewPage.swift in Sources */,
				82C1C1E11DDDFA4B007F223E /* InvoiceDetailsGeneralTableViewCell.swift in Sources */,
				8299D3D61DBBF5C30088E550 /* ApiManager+Authorization.swift in Sources */,
				827E8B071DD8DEC6000A8EAE /* Order.swift in Sources */,
				82606BAC1DCFC35C00A9E8D8 /* PlantationCollectionViewCell.swift in Sources */,
				827E8B041DD8C10E000A8EAE /* OrderDetailsViewController.swift in Sources */,
				82C059721DC60DDE00F061E6 /* ColorsViewController.swift in Sources */,
				82606BCE1DD7AA9700A9E8D8 /* OrderTableViewCell.swift in Sources */,
				82606BA41DCF900D00A9E8D8 /* PlantationsViewController.swift in Sources */,
				8299D3761DAF99B30088E550 /* CountriesViewController.swift in Sources */,
				82606BC71DD7985800A9E8D8 /* ApiManager+Orders.swift in Sources */,
				8253690B1DE0E73C00A17537 /* InvoiceDetailsGeneralFilterView.swift in Sources */,
				827E8B101DDB3A27000A8EAE /* DocumentsPageView.swift in Sources */,
				825369441DED8C2E00A17537 /* VarietyImageViewerViewController.swift in Sources */,
				827E8B091DD8DEFB000A8EAE /* OrderDetails.swift in Sources */,
				8299D3921DB3BDFA0088E550 /* Variety.swift in Sources */,
				827BAC2C1DBF675200B50C2B /* MenuTableViewCell.swift in Sources */,
				82606B9E1DCF7F8800A9E8D8 /* Country.swift in Sources */,
				82C059821DC6873F00F061E6 /* LanguagePickerViewCell.swift in Sources */,
				8299D3961DB3C2BF0088E550 /* Utils.swift in Sources */,
				8299D3721DAF926E0088E550 /* Constants.swift in Sources */,
				8299D37A1DAF9A930088E550 /* MainViewController.swift in Sources */,
				8299D3A61DB8C6090088E550 /* PageViewerFlowLayout.swift in Sources */,
				8253691C1DE3910B00A17537 /* InvoiceDetailsStatisticsTableViewCell.swift in Sources */,
				827E8B1A1DDB535E000A8EAE /* ApiManager+Documents.swift in Sources */,
			);
			runOnlyForDeploymentPostprocessing = 0;
		};
/* End PBXSourcesBuildPhase section */

/* Begin PBXVariantGroup section */
		82457ACB1DAEAA5900D87B21 /* Main.storyboard */ = {
			isa = PBXVariantGroup;
			children = (
				82457ACC1DAEAA5900D87B21 /* Base */,
			);
			name = Main.storyboard;
			sourceTree = "<group>";
		};
		82457AD31DAEAA5900D87B21 /* LaunchScreen.storyboard */ = {
			isa = PBXVariantGroup;
			children = (
				82457AD41DAEAA5900D87B21 /* Base */,
				82C059881DC68E3600F061E6 /* es */,
				82C059891DC68E3E00F061E6 /* ru */,
			);
			name = LaunchScreen.storyboard;
			sourceTree = "<group>";
		};
		82C0598C1DC68E4900F061E6 /* Localizable.strings */ = {
			isa = PBXVariantGroup;
			children = (
				82C0598D1DC68E5F00F061E6 /* Base */,
				82C0598F1DC68E8E00F061E6 /* es */,
				82C059901DC68E9000F061E6 /* ru */,
				821327621DC7E46C006E5E8B /* en */,
			);
			name = Localizable.strings;
			sourceTree = "<group>";
		};
/* End PBXVariantGroup section */

/* Begin XCBuildConfiguration section */
		82457AD71DAEAA5900D87B21 /* Debug */ = {
			isa = XCBuildConfiguration;
			buildSettings = {
				ALWAYS_SEARCH_USER_PATHS = NO;
				CLANG_ANALYZER_NONNULL = YES;
				CLANG_CXX_LANGUAGE_STANDARD = "gnu++0x";
				CLANG_CXX_LIBRARY = "libc++";
				CLANG_ENABLE_MODULES = YES;
				CLANG_ENABLE_OBJC_ARC = YES;
				CLANG_WARN_BOOL_CONVERSION = YES;
				CLANG_WARN_CONSTANT_CONVERSION = YES;
				CLANG_WARN_DIRECT_OBJC_ISA_USAGE = YES_ERROR;
				CLANG_WARN_EMPTY_BODY = YES;
				CLANG_WARN_ENUM_CONVERSION = YES;
				CLANG_WARN_INT_CONVERSION = YES;
				CLANG_WARN_OBJC_ROOT_CLASS = YES_ERROR;
				CLANG_WARN_UNREACHABLE_CODE = YES;
				CLANG_WARN__DUPLICATE_METHOD_MATCH = YES;
				"CODE_SIGN_IDENTITY[sdk=iphoneos*]" = "iPhone Developer";
				COPY_PHASE_STRIP = NO;
				DEBUG_INFORMATION_FORMAT = dwarf;
				ENABLE_STRICT_OBJC_MSGSEND = YES;
				ENABLE_TESTABILITY = YES;
				GCC_C_LANGUAGE_STANDARD = gnu99;
				GCC_DYNAMIC_NO_PIC = NO;
				GCC_NO_COMMON_BLOCKS = YES;
				GCC_OPTIMIZATION_LEVEL = 0;
				GCC_PREPROCESSOR_DEFINITIONS = (
					"DEBUG=1",
					"$(inherited)",
				);
				GCC_WARN_64_TO_32_BIT_CONVERSION = YES;
				GCC_WARN_ABOUT_RETURN_TYPE = YES_ERROR;
				GCC_WARN_UNDECLARED_SELECTOR = YES;
				GCC_WARN_UNINITIALIZED_AUTOS = YES_AGGRESSIVE;
				GCC_WARN_UNUSED_FUNCTION = YES;
				GCC_WARN_UNUSED_VARIABLE = YES;
				IPHONEOS_DEPLOYMENT_TARGET = 9.3;
				MTL_ENABLE_DEBUG_INFO = YES;
				ONLY_ACTIVE_ARCH = YES;
				SDKROOT = iphoneos;
				SWIFT_OPTIMIZATION_LEVEL = "-Onone";
				TARGETED_DEVICE_FAMILY = "1,2";
			};
			name = Debug;
		};
		82457AD81DAEAA5900D87B21 /* Release */ = {
			isa = XCBuildConfiguration;
			buildSettings = {
				ALWAYS_SEARCH_USER_PATHS = NO;
				CLANG_ANALYZER_NONNULL = YES;
				CLANG_CXX_LANGUAGE_STANDARD = "gnu++0x";
				CLANG_CXX_LIBRARY = "libc++";
				CLANG_ENABLE_MODULES = YES;
				CLANG_ENABLE_OBJC_ARC = YES;
				CLANG_WARN_BOOL_CONVERSION = YES;
				CLANG_WARN_CONSTANT_CONVERSION = YES;
				CLANG_WARN_DIRECT_OBJC_ISA_USAGE = YES_ERROR;
				CLANG_WARN_EMPTY_BODY = YES;
				CLANG_WARN_ENUM_CONVERSION = YES;
				CLANG_WARN_INT_CONVERSION = YES;
				CLANG_WARN_OBJC_ROOT_CLASS = YES_ERROR;
				CLANG_WARN_UNREACHABLE_CODE = YES;
				CLANG_WARN__DUPLICATE_METHOD_MATCH = YES;
				"CODE_SIGN_IDENTITY[sdk=iphoneos*]" = "iPhone Developer";
				COPY_PHASE_STRIP = NO;
				DEBUG_INFORMATION_FORMAT = "dwarf-with-dsym";
				ENABLE_NS_ASSERTIONS = NO;
				ENABLE_STRICT_OBJC_MSGSEND = YES;
				GCC_C_LANGUAGE_STANDARD = gnu99;
				GCC_NO_COMMON_BLOCKS = YES;
				GCC_WARN_64_TO_32_BIT_CONVERSION = YES;
				GCC_WARN_ABOUT_RETURN_TYPE = YES_ERROR;
				GCC_WARN_UNDECLARED_SELECTOR = YES;
				GCC_WARN_UNINITIALIZED_AUTOS = YES_AGGRESSIVE;
				GCC_WARN_UNUSED_FUNCTION = YES;
				GCC_WARN_UNUSED_VARIABLE = YES;
				IPHONEOS_DEPLOYMENT_TARGET = 9.3;
				MTL_ENABLE_DEBUG_INFO = NO;
				SDKROOT = iphoneos;
				TARGETED_DEVICE_FAMILY = "1,2";
				VALIDATE_PRODUCT = YES;
			};
			name = Release;
		};
		82457ADA1DAEAA5900D87B21 /* Debug */ = {
			isa = XCBuildConfiguration;
			baseConfigurationReference = D506727F50AAD99682289838 /* Pods-DaoFlowers.debug.xcconfig */;
			buildSettings = {
				ASSETCATALOG_COMPILER_APPICON_NAME = AppIcon;
				ASSETCATALOG_COMPILER_LAUNCHIMAGE_NAME = LaunchImage;
				INFOPLIST_FILE = DaoFlowers/Info.plist;
				LD_RUNPATH_SEARCH_PATHS = "$(inherited) @executable_path/Frameworks";
				PRODUCT_BUNDLE_IDENTIFIER = com.daoflowers.DaoFlowers;
				PRODUCT_NAME = "$(TARGET_NAME)";
			};
			name = Debug;
		};
		82457ADB1DAEAA5900D87B21 /* Release */ = {
			isa = XCBuildConfiguration;
			baseConfigurationReference = 41BF2CE2A460955924CE8330 /* Pods-DaoFlowers.release.xcconfig */;
			buildSettings = {
				ASSETCATALOG_COMPILER_APPICON_NAME = AppIcon;
				ASSETCATALOG_COMPILER_LAUNCHIMAGE_NAME = LaunchImage;
				INFOPLIST_FILE = DaoFlowers/Info.plist;
				LD_RUNPATH_SEARCH_PATHS = "$(inherited) @executable_path/Frameworks";
				PRODUCT_BUNDLE_IDENTIFIER = com.daoflowers.DaoFlowers;
				PRODUCT_NAME = "$(TARGET_NAME)";
			};
			name = Release;
		};
/* End XCBuildConfiguration section */

/* Begin XCConfigurationList section */
		82457ABF1DAEAA5900D87B21 /* Build configuration list for PBXProject "DaoFlowers" */ = {
			isa = XCConfigurationList;
			buildConfigurations = (
				82457AD71DAEAA5900D87B21 /* Debug */,
				82457AD81DAEAA5900D87B21 /* Release */,
			);
			defaultConfigurationIsVisible = 0;
			defaultConfigurationName = Release;
		};
		82457AD91DAEAA5900D87B21 /* Build configuration list for PBXNativeTarget "DaoFlowers" */ = {
			isa = XCConfigurationList;
			buildConfigurations = (
				82457ADA1DAEAA5900D87B21 /* Debug */,
				82457ADB1DAEAA5900D87B21 /* Release */,
			);
			defaultConfigurationIsVisible = 0;
			defaultConfigurationName = Release;
		};
/* End XCConfigurationList section */

/* Begin XCVersionGroup section */
		82457ACE1DAEAA5900D87B21 /* DaoFlowers.xcdatamodeld */ = {
			isa = XCVersionGroup;
			children = (
				82457ACF1DAEAA5900D87B21 /* DaoFlowers.xcdatamodel */,
			);
			currentVersion = 82457ACF1DAEAA5900D87B21 /* DaoFlowers.xcdatamodel */;
			path = DaoFlowers.xcdatamodeld;
			sourceTree = "<group>";
			versionGroupType = wrapper.xcdatamodel;
		};
/* End XCVersionGroup section */
	};
	rootObject = 82457ABC1DAEAA5800D87B21 /* Project object */;
}
